// !$*UTF8*$!
{
	archiveVersion = 1;
	classes = {
	};
	objectVersion = 50;
	objects = {

/* Begin PBXBuildFile section */
		9818425220CA03D50068DC91 /* Kaladesh.swift in Sources */ = {isa = PBXBuildFile; fileRef = 9818425120CA03D50068DC91 /* Kaladesh.swift */; };
		9818425420CA07050068DC91 /* ManaCost.swift in Sources */ = {isa = PBXBuildFile; fileRef = 9818425320CA07050068DC91 /* ManaCost.swift */; };
		9818425620CA07580068DC91 /* Mana.swift in Sources */ = {isa = PBXBuildFile; fileRef = 9818425520CA07580068DC91 /* Mana.swift */; };
		9818425820CA0B010068DC91 /* Util.swift in Sources */ = {isa = PBXBuildFile; fileRef = 9818425720CA0B010068DC91 /* Util.swift */; };
		9822329D20EFCFE100B07803 /* m19110full.png in Resources */ = {isa = PBXBuildFile; fileRef = 9822329C20EFCFE100B07803 /* m19110full.png */; };
		9822329F20EFD4FA00B07803 /* m1916full.png in Resources */ = {isa = PBXBuildFile; fileRef = 9822329E20EFD4FA00B07803 /* m1916full.png */; };
		982232A120EFD67900B07803 /* m1940full.png in Resources */ = {isa = PBXBuildFile; fileRef = 982232A020EFD67900B07803 /* m1940full.png */; };
		982232A320EFE51D00B07803 /* m1950full.png in Resources */ = {isa = PBXBuildFile; fileRef = 982232A220EFE51D00B07803 /* m1950full.png */; };
		982232A520EFE64E00B07803 /* m19105full.png in Resources */ = {isa = PBXBuildFile; fileRef = 982232A420EFE64E00B07803 /* m19105full.png */; };
		982232A720EFE6D100B07803 /* m19273full.png in Resources */ = {isa = PBXBuildFile; fileRef = 982232A620EFE6D100B07803 /* m19273full.png */; };
		982232A920EFE70400B07803 /* m19153full.png in Resources */ = {isa = PBXBuildFile; fileRef = 982232A820EFE70400B07803 /* m19153full.png */; };
		982232AB20EFEB3200B07803 /* m19158full.png in Resources */ = {isa = PBXBuildFile; fileRef = 982232AA20EFEB3200B07803 /* m19158full.png */; };
		9823DDF5215984E20080C806 /* lea2full.png in Resources */ = {isa = PBXBuildFile; fileRef = 9823DDF4215984E20080C806 /* lea2full.png */; };
		9823DDFC21598D210080C806 /* lea18full.png in Resources */ = {isa = PBXBuildFile; fileRef = 9823DDF621598D200080C806 /* lea18full.png */; };
		9823DDFD21598D210080C806 /* lea38full.png in Resources */ = {isa = PBXBuildFile; fileRef = 9823DDF721598D200080C806 /* lea38full.png */; };
		9823DDFE21598D210080C806 /* lea30full.png in Resources */ = {isa = PBXBuildFile; fileRef = 9823DDF821598D210080C806 /* lea30full.png */; };
		9823DDFF21598D210080C806 /* lea86full.png in Resources */ = {isa = PBXBuildFile; fileRef = 9823DDF921598D210080C806 /* lea86full.png */; };
		9823DE0021598D210080C806 /* lea91full.png in Resources */ = {isa = PBXBuildFile; fileRef = 9823DDFA21598D210080C806 /* lea91full.png */; };
		9823DE0121598D210080C806 /* lea66full.png in Resources */ = {isa = PBXBuildFile; fileRef = 9823DDFB21598D210080C806 /* lea66full.png */; };
		9823DE032159AADE0080C806 /* Token.swift in Sources */ = {isa = PBXBuildFile; fileRef = 9823DE022159AADE0080C806 /* Token.swift */; };
		9823DE072159B41C0080C806 /* grnt2full.png in Resources */ = {isa = PBXBuildFile; fileRef = 9823DE062159B41C0080C806 /* grnt2full.png */; };
		9823DE092159B54E0080C806 /* grn27full.png in Resources */ = {isa = PBXBuildFile; fileRef = 9823DE082159B54E0080C806 /* grn27full.png */; };
		982F9B15209BAAFF009BBD8B /* AppDelegate.swift in Sources */ = {isa = PBXBuildFile; fileRef = 982F9B14209BAAFF009BBD8B /* AppDelegate.swift */; };
		982F9B1B209BAAFF009BBD8B /* GameScene.swift in Sources */ = {isa = PBXBuildFile; fileRef = 982F9B1A209BAAFF009BBD8B /* GameScene.swift */; };
		982F9B1D209BAAFF009BBD8B /* GameViewController.swift in Sources */ = {isa = PBXBuildFile; fileRef = 982F9B1C209BAAFF009BBD8B /* GameViewController.swift */; };
		982F9B20209BAAFF009BBD8B /* Main.storyboard in Resources */ = {isa = PBXBuildFile; fileRef = 982F9B1E209BAAFF009BBD8B /* Main.storyboard */; };
		982F9B22209BAB00009BBD8B /* Assets.xcassets in Resources */ = {isa = PBXBuildFile; fileRef = 982F9B21209BAB00009BBD8B /* Assets.xcassets */; };
		982F9B25209BAB00009BBD8B /* LaunchScreen.storyboard in Resources */ = {isa = PBXBuildFile; fileRef = 982F9B23209BAB00009BBD8B /* LaunchScreen.storyboard */; };
		982F9B2E209BAC81009BBD8B /* Game.swift in Sources */ = {isa = PBXBuildFile; fileRef = 982F9B2D209BAC81009BBD8B /* Game.swift */; };
		982F9B30209BACC7009BBD8B /* Player.swift in Sources */ = {isa = PBXBuildFile; fileRef = 982F9B2F209BACC7009BBD8B /* Player.swift */; };
		982F9B32209BAD33009BBD8B /* Card.swift in Sources */ = {isa = PBXBuildFile; fileRef = 982F9B31209BAD33009BBD8B /* Card.swift */; };
		982F9B35209BBFE9009BBD8B /* PlayerHandNode.swift in Sources */ = {isa = PBXBuildFile; fileRef = 982F9B34209BBFE9009BBD8B /* PlayerHandNode.swift */; };
		982F9B37209BC14B009BBD8B /* CardNode.swift in Sources */ = {isa = PBXBuildFile; fileRef = 982F9B36209BC14B009BBD8B /* CardNode.swift */; };
		983373D4215C498B003CD4D0 /* TriggeredAbility.swift in Sources */ = {isa = PBXBuildFile; fileRef = 983373D3215C498B003CD4D0 /* TriggeredAbility.swift */; };
		983373D6215C4A5D003CD4D0 /* Trigger.swift in Sources */ = {isa = PBXBuildFile; fileRef = 983373D5215C4A5D003CD4D0 /* Trigger.swift */; };
		983373D8215C4FD1003CD4D0 /* grn129full.png in Resources */ = {isa = PBXBuildFile; fileRef = 983373D7215C4FD1003CD4D0 /* grn129full.png */; };
		983373DA215C5663003CD4D0 /* grn135full.png in Resources */ = {isa = PBXBuildFile; fileRef = 983373D9215C5663003CD4D0 /* grn135full.png */; };
		983373DC215C5916003CD4D0 /* grn158full.png in Resources */ = {isa = PBXBuildFile; fileRef = 983373DB215C5916003CD4D0 /* grn158full.png */; };
		983373DE215C61BD003CD4D0 /* grn15full.png in Resources */ = {isa = PBXBuildFile; fileRef = 983373DD215C61BD003CD4D0 /* grn15full.png */; };
		983373E0215C6406003CD4D0 /* grnt6full.png in Resources */ = {isa = PBXBuildFile; fileRef = 983373DF215C6406003CD4D0 /* grnt6full.png */; };
		983373E2215C6421003CD4D0 /* grn161full.png in Resources */ = {isa = PBXBuildFile; fileRef = 983373E1215C6421003CD4D0 /* grn161full.png */; };
		9840897E20CAF562005DA8F6 /* Rarity.swift in Sources */ = {isa = PBXBuildFile; fileRef = 9840897D20CAF562005DA8F6 /* Rarity.swift */; };
		9840898020CAFE8C005DA8F6 /* SpellStack.swift in Sources */ = {isa = PBXBuildFile; fileRef = 9840897F20CAFE8C005DA8F6 /* SpellStack.swift */; };
		9840898220CAFF27005DA8F6 /* Stack.swift in Sources */ = {isa = PBXBuildFile; fileRef = 9840898120CAFF27005DA8F6 /* Stack.swift */; };
		98423C3320EED3E90053B729 /* TargetedEffect.swift in Sources */ = {isa = PBXBuildFile; fileRef = 98423C3220EED3E90053B729 /* TargetedEffect.swift */; };
		98423C3520EED8260053B729 /* UntargetedEffect.swift in Sources */ = {isa = PBXBuildFile; fileRef = 98423C3420EED8260053B729 /* UntargetedEffect.swift */; };
		98478515216537EC004D51A8 /* m19t8full.png in Resources */ = {isa = PBXBuildFile; fileRef = 98478513216537EB004D51A8 /* m19t8full.png */; };
		98478516216537EC004D51A8 /* m19t11full.png in Resources */ = {isa = PBXBuildFile; fileRef = 98478514216537EB004D51A8 /* m19t11full.png */; };
		9847851F216537F9004D51A8 /* m1993full.png in Resources */ = {isa = PBXBuildFile; fileRef = 98478517216537F8004D51A8 /* m1993full.png */; };
		98478520216537F9004D51A8 /* m1989full.png in Resources */ = {isa = PBXBuildFile; fileRef = 98478518216537F9004D51A8 /* m1989full.png */; };
		98478521216537F9004D51A8 /* m19139full.png in Resources */ = {isa = PBXBuildFile; fileRef = 98478519216537F9004D51A8 /* m19139full.png */; };
		98478522216537F9004D51A8 /* m19140full.png in Resources */ = {isa = PBXBuildFile; fileRef = 9847851A216537F9004D51A8 /* m19140full.png */; };
		98478523216537F9004D51A8 /* m19142full.png in Resources */ = {isa = PBXBuildFile; fileRef = 9847851B216537F9004D51A8 /* m19142full.png */; };
		98478524216537F9004D51A8 /* m19188full.png in Resources */ = {isa = PBXBuildFile; fileRef = 9847851C216537F9004D51A8 /* m19188full.png */; };
		98478525216537F9004D51A8 /* m19190full.png in Resources */ = {isa = PBXBuildFile; fileRef = 9847851D216537F9004D51A8 /* m19190full.png */; };
		98478526216537F9004D51A8 /* m19198full.png in Resources */ = {isa = PBXBuildFile; fileRef = 9847851E216537F9004D51A8 /* m19198full.png */; };
		985D38EF216426C7001CF7FA /* dom120full.png in Resources */ = {isa = PBXBuildFile; fileRef = 985D38EE216426C7001CF7FA /* dom120full.png */; };
		985D38F3216426CE001CF7FA /* dom189full.png in Resources */ = {isa = PBXBuildFile; fileRef = 985D38F0216426CE001CF7FA /* dom189full.png */; };
		985D38F4216426CE001CF7FA /* dom180full.png in Resources */ = {isa = PBXBuildFile; fileRef = 985D38F1216426CE001CF7FA /* dom180full.png */; };
		985D38F5216426CE001CF7FA /* dom177full.png in Resources */ = {isa = PBXBuildFile; fileRef = 985D38F2216426CE001CF7FA /* dom177full.png */; };
		985D38F721642ABB001CF7FA /* m19t4full.png in Resources */ = {isa = PBXBuildFile; fileRef = 985D38F621642ABB001CF7FA /* m19t4full.png */; };
		985D38FB21642AC9001CF7FA /* m1912full.png in Resources */ = {isa = PBXBuildFile; fileRef = 985D38F821642AC8001CF7FA /* m1912full.png */; };
		985D38FC21642AC9001CF7FA /* m1911full.png in Resources */ = {isa = PBXBuildFile; fileRef = 985D38F921642AC8001CF7FA /* m1911full.png */; };
		985D38FD21642AC9001CF7FA /* m1910full.png in Resources */ = {isa = PBXBuildFile; fileRef = 985D38FA21642AC8001CF7FA /* m1910full.png */; };
		985E0F8120A25B04006759B3 /* Geometry.swift in Sources */ = {isa = PBXBuildFile; fileRef = 985E0F8020A25B04006759B3 /* Geometry.swift */; };
		985E0F8320A26339006759B3 /* BasicLand.swift in Sources */ = {isa = PBXBuildFile; fileRef = 985E0F8220A26339006759B3 /* BasicLand.swift */; };
		985E0F8520A26384006759B3 /* Type.swift in Sources */ = {isa = PBXBuildFile; fileRef = 985E0F8420A26384006759B3 /* Type.swift */; };
		985E0F8920A27852006759B3 /* LandsNode.swift in Sources */ = {isa = PBXBuildFile; fileRef = 985E0F8820A27852006759B3 /* LandsNode.swift */; };
		9862984520D844A100CE8E10 /* LimitedEditionAlpha.swift in Sources */ = {isa = PBXBuildFile; fileRef = 9862984420D844A100CE8E10 /* LimitedEditionAlpha.swift */; };
		9868005C20E5401400E6E730 /* m19261full.png in Resources */ = {isa = PBXBuildFile; fileRef = 9868005B20E5401400E6E730 /* m19261full.png */; };
		9868005E20E5408500E6E730 /* m19277full.png in Resources */ = {isa = PBXBuildFile; fileRef = 9868005D20E5408500E6E730 /* m19277full.png */; };
		9868006020E5419B00E6E730 /* m19171full.png in Resources */ = {isa = PBXBuildFile; fileRef = 9868005F20E5419B00E6E730 /* m19171full.png */; };
		9868006220E541A100E6E730 /* m19185full.png in Resources */ = {isa = PBXBuildFile; fileRef = 9868006120E541A100E6E730 /* m19185full.png */; };
		986D5C8820D1B853005E944E /* Magic2019.swift in Sources */ = {isa = PBXBuildFile; fileRef = 986D5C8720D1B853005E944E /* Magic2019.swift */; };
		986D5C8A20D1BF55005E944E /* HandCardNode.swift in Sources */ = {isa = PBXBuildFile; fileRef = 986D5C8920D1BF55005E944E /* HandCardNode.swift */; };
		986D5C8C20D1C0E2005E944E /* LandsCardNode.swift in Sources */ = {isa = PBXBuildFile; fileRef = 986D5C8B20D1C0E2005E944E /* LandsCardNode.swift */; };
		986D5C9020D1CDB6005E944E /* ManaPoolNode.swift in Sources */ = {isa = PBXBuildFile; fileRef = 986D5C8F20D1CDB6005E944E /* ManaPoolNode.swift */; };
		986D5C9420D1E60B005E944E /* ManaPool.swift in Sources */ = {isa = PBXBuildFile; fileRef = 986D5C9320D1E60B005E944E /* ManaPool.swift */; };
		986D5C9620D1ECC5005E944E /* CreaturesNode.swift in Sources */ = {isa = PBXBuildFile; fileRef = 986D5C9520D1ECC5005E944E /* CreaturesNode.swift */; };
		986D5C9820D1ECFA005E944E /* CreaturesCardNode.swift in Sources */ = {isa = PBXBuildFile; fileRef = 986D5C9720D1ECFA005E944E /* CreaturesCardNode.swift */; };
		986D5C9A20D1F4FE005E944E /* StackNode.swift in Sources */ = {isa = PBXBuildFile; fileRef = 986D5C9920D1F4FE005E944E /* StackNode.swift */; };
		986D5C9C20D1F656005E944E /* StackObjectNode.swift in Sources */ = {isa = PBXBuildFile; fileRef = 986D5C9B20D1F656005E944E /* StackObjectNode.swift */; };
		986D5C9E20D1FE8C005E944E /* CommandButtonsNode.swift in Sources */ = {isa = PBXBuildFile; fileRef = 986D5C9D20D1FE8C005E944E /* CommandButtonsNode.swift */; };
		986EAA5A20A10F0300F3CCDC /* Color.swift in Sources */ = {isa = PBXBuildFile; fileRef = 986EAA5920A10F0300F3CCDC /* Color.swift */; };
		986EAA5C20A1110000F3CCDC /* Object.swift in Sources */ = {isa = PBXBuildFile; fileRef = 986EAA5B20A1110000F3CCDC /* Object.swift */; };
		986ED55C215F05F1008B44DC /* Dominaria.swift in Sources */ = {isa = PBXBuildFile; fileRef = 986ED55B215F05F1008B44DC /* Dominaria.swift */; };
		986ED55F215F094D008B44DC /* dom9full.png in Resources */ = {isa = PBXBuildFile; fileRef = 986ED55E215F094D008B44DC /* dom9full.png */; };
		986ED561215F0953008B44DC /* domt1full.png in Resources */ = {isa = PBXBuildFile; fileRef = 986ED560215F0953008B44DC /* domt1full.png */; };
		986ED563215F0959008B44DC /* domt2full.png in Resources */ = {isa = PBXBuildFile; fileRef = 986ED562215F0959008B44DC /* domt2full.png */; };
		9871B61321595A2800A6A6AB /* grn65full.png in Resources */ = {isa = PBXBuildFile; fileRef = 9871B61221595A2800A6A6AB /* grn65full.png */; };
		98A0D716215B14C300D90BCD /* grn94full.png in Resources */ = {isa = PBXBuildFile; fileRef = 98A0D715215B14C300D90BCD /* grn94full.png */; };
		98A19A2C2167E6EF002A4296 /* grn182full.png in Resources */ = {isa = PBXBuildFile; fileRef = 98A19A2B2167E6EE002A4296 /* grn182full.png */; };
		98A19A2E2167EC85002A4296 /* ActivatedAbility.swift in Sources */ = {isa = PBXBuildFile; fileRef = 98A19A2D2167EC85002A4296 /* ActivatedAbility.swift */; };
		98A19A302167FEAA002A4296 /* grn88full.png in Resources */ = {isa = PBXBuildFile; fileRef = 98A19A2F2167FEAA002A4296 /* grn88full.png */; };
		98A19A3221680C1C002A4296 /* grn127full.png in Resources */ = {isa = PBXBuildFile; fileRef = 98A19A3121680C1C002A4296 /* grn127full.png */; };
		98A8CA2921620954009E92FB /* domt11full.png in Resources */ = {isa = PBXBuildFile; fileRef = 98A8CA2621620954009E92FB /* domt11full.png */; };
		98A8CA2A21620954009E92FB /* domt12full.png in Resources */ = {isa = PBXBuildFile; fileRef = 98A8CA2721620954009E92FB /* domt12full.png */; };
		98A8CA2B21620954009E92FB /* domt13full.png in Resources */ = {isa = PBXBuildFile; fileRef = 98A8CA2821620954009E92FB /* domt13full.png */; };
		98A8CA362162095F009E92FB /* dom27full.png in Resources */ = {isa = PBXBuildFile; fileRef = 98A8CA2C2162095E009E92FB /* dom27full.png */; };
		98A8CA372162095F009E92FB /* dom63full.png in Resources */ = {isa = PBXBuildFile; fileRef = 98A8CA2D2162095E009E92FB /* dom63full.png */; };
		98A8CA382162095F009E92FB /* dom78full.png in Resources */ = {isa = PBXBuildFile; fileRef = 98A8CA2E2162095F009E92FB /* dom78full.png */; };
		98A8CA392162095F009E92FB /* dom91full.png in Resources */ = {isa = PBXBuildFile; fileRef = 98A8CA2F2162095F009E92FB /* dom91full.png */; };
		98A8CA3A2162095F009E92FB /* dom22full.png in Resources */ = {isa = PBXBuildFile; fileRef = 98A8CA302162095F009E92FB /* dom22full.png */; };
		98A8CA3B2162095F009E92FB /* dom71full.png in Resources */ = {isa = PBXBuildFile; fileRef = 98A8CA312162095F009E92FB /* dom71full.png */; };
		98A8CA3C2162095F009E92FB /* dom84full.png in Resources */ = {isa = PBXBuildFile; fileRef = 98A8CA322162095F009E92FB /* dom84full.png */; };
		98A8CA3D2162095F009E92FB /* dom81full.png in Resources */ = {isa = PBXBuildFile; fileRef = 98A8CA332162095F009E92FB /* dom81full.png */; };
		98A8CA3E2162095F009E92FB /* dom52full.png in Resources */ = {isa = PBXBuildFile; fileRef = 98A8CA342162095F009E92FB /* dom52full.png */; };
		98A8CA3F2162095F009E92FB /* dom24full.png in Resources */ = {isa = PBXBuildFile; fileRef = 98A8CA352162095F009E92FB /* dom24full.png */; };
		98AA80232165F0DB004BFE0B /* ContinuousEffect.swift in Sources */ = {isa = PBXBuildFile; fileRef = 98AA80222165F0DB004BFE0B /* ContinuousEffect.swift */; };
		98AA80252165F5EA004BFE0B /* grn28full.png in Resources */ = {isa = PBXBuildFile; fileRef = 98AA80242165F5EA004BFE0B /* grn28full.png */; };
		98AA80272166022E004BFE0B /* grn137full.png in Resources */ = {isa = PBXBuildFile; fileRef = 98AA80262166022E004BFE0B /* grn137full.png */; };
		98AA80292166041F004BFE0B /* grn157full.png in Resources */ = {isa = PBXBuildFile; fileRef = 98AA80282166041F004BFE0B /* grn157full.png */; };
		98D0438820EE86920009143E /* m19100full.png in Resources */ = {isa = PBXBuildFile; fileRef = 98D0438720EE86920009143E /* m19100full.png */; };
		98D0438A20EE87070009143E /* m19269full.png in Resources */ = {isa = PBXBuildFile; fileRef = 98D0438920EE87070009143E /* m19269full.png */; };
		98D0438D20EE87B60009143E /* Opponent.swift in Sources */ = {isa = PBXBuildFile; fileRef = 98D0438C20EE87B60009143E /* Opponent.swift */; };
		98DFD47120D9D5C300B2EEA1 /* LifeNode.swift in Sources */ = {isa = PBXBuildFile; fileRef = 98DFD47020D9D5C300B2EEA1 /* LifeNode.swift */; };
		98E549A520D88CA200D64482 /* Phase.swift in Sources */ = {isa = PBXBuildFile; fileRef = 98E549A420D88CA200D64482 /* Phase.swift */; };
		98E8A04E20EAF49900A951DA /* m19187full.png in Resources */ = {isa = PBXBuildFile; fileRef = 98E8A04C20EAF49800A951DA /* m19187full.png */; };
		98E8A04F20EAF49900A951DA /* m19206full.png in Resources */ = {isa = PBXBuildFile; fileRef = 98E8A04D20EAF49900A951DA /* m19206full.png */; };
		98E8A05120EAF79100A951DA /* Effect.swift in Sources */ = {isa = PBXBuildFile; fileRef = 98E8A05020EAF79100A951DA /* Effect.swift */; };
		98E8A05520EAFBF200A951DA /* m19265full.png in Resources */ = {isa = PBXBuildFile; fileRef = 98E8A05220EAFBF100A951DA /* m19265full.png */; };
		98E8A05620EAFBF200A951DA /* m1951full.png in Resources */ = {isa = PBXBuildFile; fileRef = 98E8A05320EAFBF100A951DA /* m1951full.png */; };
		98E8A05720EAFBF200A951DA /* m1980full.png in Resources */ = {isa = PBXBuildFile; fileRef = 98E8A05420EAFBF200A951DA /* m1980full.png */; };
		98E8A05920EAFFB000A951DA /* m1931full.png in Resources */ = {isa = PBXBuildFile; fileRef = 98E8A05820EAFFB000A951DA /* m1931full.png */; };
		98E8A05B20EAFFBB00A951DA /* m1935full.png in Resources */ = {isa = PBXBuildFile; fileRef = 98E8A05A20EAFFBB00A951DA /* m1935full.png */; };
		98E8A05D20EAFFD000A951DA /* m19234full.png in Resources */ = {isa = PBXBuildFile; fileRef = 98E8A05C20EAFFD000A951DA /* m19234full.png */; };
		98E8A05F20EB01A600A951DA /* m1966full.png in Resources */ = {isa = PBXBuildFile; fileRef = 98E8A05E20EB01A600A951DA /* m1966full.png */; };
		98ECCF07215CB51E0030ED51 /* lea98full.png in Resources */ = {isa = PBXBuildFile; fileRef = 98ECCF06215CB51E0030ED51 /* lea98full.png */; };
		98ECCF09215CB70D0030ED51 /* lea125full.png in Resources */ = {isa = PBXBuildFile; fileRef = 98ECCF08215CB70D0030ED51 /* lea125full.png */; };
		98ECCF0B215CBC8A0030ED51 /* lea129full.png in Resources */ = {isa = PBXBuildFile; fileRef = 98ECCF0A215CBC8A0030ED51 /* lea129full.png */; };
		98ECCF0D215CBE6F0030ED51 /* lea144full.png in Resources */ = {isa = PBXBuildFile; fileRef = 98ECCF0C215CBE6F0030ED51 /* lea144full.png */; };
		98ECCF0F215CBE740030ED51 /* lea148full.png in Resources */ = {isa = PBXBuildFile; fileRef = 98ECCF0E215CBE740030ED51 /* lea148full.png */; };
		98ECCF22215CCFCC0030ED51 /* lea157full.png in Resources */ = {isa = PBXBuildFile; fileRef = 98ECCF10215CCFCA0030ED51 /* lea157full.png */; };
		98ECCF23215CCFCC0030ED51 /* lea183full.png in Resources */ = {isa = PBXBuildFile; fileRef = 98ECCF11215CCFCA0030ED51 /* lea183full.png */; };
		98ECCF24215CCFCC0030ED51 /* lea267full.png in Resources */ = {isa = PBXBuildFile; fileRef = 98ECCF12215CCFCA0030ED51 /* lea267full.png */; };
		98ECCF25215CCFCC0030ED51 /* lea201full.png in Resources */ = {isa = PBXBuildFile; fileRef = 98ECCF13215CCFCA0030ED51 /* lea201full.png */; };
		98ECCF26215CCFCC0030ED51 /* lea156full.png in Resources */ = {isa = PBXBuildFile; fileRef = 98ECCF14215CCFCA0030ED51 /* lea156full.png */; };
		98ECCF27215CCFCC0030ED51 /* lea225full.png in Resources */ = {isa = PBXBuildFile; fileRef = 98ECCF15215CCFCB0030ED51 /* lea225full.png */; };
		98ECCF28215CCFCC0030ED51 /* lea190full.png in Resources */ = {isa = PBXBuildFile; fileRef = 98ECCF16215CCFCB0030ED51 /* lea190full.png */; };
		98ECCF29215CCFCC0030ED51 /* lea151full.png in Resources */ = {isa = PBXBuildFile; fileRef = 98ECCF17215CCFCB0030ED51 /* lea151full.png */; };
		98ECCF2A215CCFCC0030ED51 /* lea177full.png in Resources */ = {isa = PBXBuildFile; fileRef = 98ECCF18215CCFCB0030ED51 /* lea177full.png */; };
		98ECCF2B215CCFCC0030ED51 /* lea203full.png in Resources */ = {isa = PBXBuildFile; fileRef = 98ECCF19215CCFCB0030ED51 /* lea203full.png */; };
		98ECCF2C215CCFCC0030ED51 /* lea224full.png in Resources */ = {isa = PBXBuildFile; fileRef = 98ECCF1A215CCFCB0030ED51 /* lea224full.png */; };
		98ECCF2D215CCFCC0030ED51 /* lea182full.png in Resources */ = {isa = PBXBuildFile; fileRef = 98ECCF1B215CCFCB0030ED51 /* lea182full.png */; };
		98ECCF2E215CCFCC0030ED51 /* lea221full.png in Resources */ = {isa = PBXBuildFile; fileRef = 98ECCF1C215CCFCB0030ED51 /* lea221full.png */; };
		98ECCF2F215CCFCC0030ED51 /* lea220full.png in Resources */ = {isa = PBXBuildFile; fileRef = 98ECCF1D215CCFCB0030ED51 /* lea220full.png */; };
		98ECCF30215CCFCC0030ED51 /* lea164full.png in Resources */ = {isa = PBXBuildFile; fileRef = 98ECCF1E215CCFCB0030ED51 /* lea164full.png */; };
		98ECCF31215CCFCC0030ED51 /* lea199full.png in Resources */ = {isa = PBXBuildFile; fileRef = 98ECCF1F215CCFCC0030ED51 /* lea199full.png */; };
		98ECCF32215CCFCC0030ED51 /* lea173full.png in Resources */ = {isa = PBXBuildFile; fileRef = 98ECCF20215CCFCC0030ED51 /* lea173full.png */; };
		98ECCF33215CCFCC0030ED51 /* lea158full.png in Resources */ = {isa = PBXBuildFile; fileRef = 98ECCF21215CCFCC0030ED51 /* lea158full.png */; };
		98FA8E572156B52400EF5203 /* GuildsOfRavnica.swift in Sources */ = {isa = PBXBuildFile; fileRef = 98FA8E562156B52400EF5203 /* GuildsOfRavnica.swift */; };
		98FA8E5A2156B86B00EF5203 /* grn4full.png in Resources */ = {isa = PBXBuildFile; fileRef = 98FA8E592156B86B00EF5203 /* grn4full.png */; };
		98FA8E5C2156B9D600EF5203 /* grn5full.png in Resources */ = {isa = PBXBuildFile; fileRef = 98FA8E5B2156B9D600EF5203 /* grn5full.png */; };
		98FA8E5F2156BCF900EF5203 /* grn58full.png in Resources */ = {isa = PBXBuildFile; fileRef = 98FA8E5D2156BCF900EF5203 /* grn58full.png */; };
		98FA8E602156BCF900EF5203 /* grn60full.png in Resources */ = {isa = PBXBuildFile; fileRef = 98FA8E5E2156BCF900EF5203 /* grn60full.png */; };
		98FA8E622156BF0C00EF5203 /* grn70full.png in Resources */ = {isa = PBXBuildFile; fileRef = 98FA8E612156BF0C00EF5203 /* grn70full.png */; };
		98FA8E642156C06D00EF5203 /* grn84full.png in Resources */ = {isa = PBXBuildFile; fileRef = 98FA8E632156C06D00EF5203 /* grn84full.png */; };
		98FA8E682156C4B100EF5203 /* grn149full.png in Resources */ = {isa = PBXBuildFile; fileRef = 98FA8E652156C4B100EF5203 /* grn149full.png */; };
		98FA8E692156C4B100EF5203 /* grn150full.png in Resources */ = {isa = PBXBuildFile; fileRef = 98FA8E662156C4B100EF5203 /* grn150full.png */; };
		98FA8E6A2156C4B100EF5203 /* grn100full.png in Resources */ = {isa = PBXBuildFile; fileRef = 98FA8E672156C4B100EF5203 /* grn100full.png */; };
/* End PBXBuildFile section */

/* Begin PBXFileReference section */
		9818425120CA03D50068DC91 /* Kaladesh.swift */ = {isa = PBXFileReference; lastKnownFileType = sourcecode.swift; path = Kaladesh.swift; sourceTree = "<group>"; };
		9818425320CA07050068DC91 /* ManaCost.swift */ = {isa = PBXFileReference; lastKnownFileType = sourcecode.swift; path = ManaCost.swift; sourceTree = "<group>"; };
		9818425520CA07580068DC91 /* Mana.swift */ = {isa = PBXFileReference; lastKnownFileType = sourcecode.swift; path = Mana.swift; sourceTree = "<group>"; };
		9818425720CA0B010068DC91 /* Util.swift */ = {isa = PBXFileReference; lastKnownFileType = sourcecode.swift; path = Util.swift; sourceTree = "<group>"; };
		9822329C20EFCFE100B07803 /* m19110full.png */ = {isa = PBXFileReference; lastKnownFileType = image.png; path = m19110full.png; sourceTree = "<group>"; };
		9822329E20EFD4FA00B07803 /* m1916full.png */ = {isa = PBXFileReference; lastKnownFileType = image.png; path = m1916full.png; sourceTree = "<group>"; };
		982232A020EFD67900B07803 /* m1940full.png */ = {isa = PBXFileReference; lastKnownFileType = image.png; path = m1940full.png; sourceTree = "<group>"; };
		982232A220EFE51D00B07803 /* m1950full.png */ = {isa = PBXFileReference; lastKnownFileType = image.png; path = m1950full.png; sourceTree = "<group>"; };
		982232A420EFE64E00B07803 /* m19105full.png */ = {isa = PBXFileReference; lastKnownFileType = image.png; path = m19105full.png; sourceTree = "<group>"; };
		982232A620EFE6D100B07803 /* m19273full.png */ = {isa = PBXFileReference; lastKnownFileType = image.png; path = m19273full.png; sourceTree = "<group>"; };
		982232A820EFE70400B07803 /* m19153full.png */ = {isa = PBXFileReference; lastKnownFileType = image.png; path = m19153full.png; sourceTree = "<group>"; };
		982232AA20EFEB3200B07803 /* m19158full.png */ = {isa = PBXFileReference; lastKnownFileType = image.png; path = m19158full.png; sourceTree = "<group>"; };
		9823DDF4215984E20080C806 /* lea2full.png */ = {isa = PBXFileReference; lastKnownFileType = image.png; path = lea2full.png; sourceTree = "<group>"; };
		9823DDF621598D200080C806 /* lea18full.png */ = {isa = PBXFileReference; lastKnownFileType = image.png; path = lea18full.png; sourceTree = "<group>"; };
		9823DDF721598D200080C806 /* lea38full.png */ = {isa = PBXFileReference; lastKnownFileType = image.png; path = lea38full.png; sourceTree = "<group>"; };
		9823DDF821598D210080C806 /* lea30full.png */ = {isa = PBXFileReference; lastKnownFileType = image.png; path = lea30full.png; sourceTree = "<group>"; };
		9823DDF921598D210080C806 /* lea86full.png */ = {isa = PBXFileReference; lastKnownFileType = image.png; path = lea86full.png; sourceTree = "<group>"; };
		9823DDFA21598D210080C806 /* lea91full.png */ = {isa = PBXFileReference; lastKnownFileType = image.png; path = lea91full.png; sourceTree = "<group>"; };
		9823DDFB21598D210080C806 /* lea66full.png */ = {isa = PBXFileReference; lastKnownFileType = image.png; path = lea66full.png; sourceTree = "<group>"; };
		9823DE022159AADE0080C806 /* Token.swift */ = {isa = PBXFileReference; lastKnownFileType = sourcecode.swift; path = Token.swift; sourceTree = "<group>"; };
		9823DE062159B41C0080C806 /* grnt2full.png */ = {isa = PBXFileReference; lastKnownFileType = image.png; path = grnt2full.png; sourceTree = "<group>"; };
		9823DE082159B54E0080C806 /* grn27full.png */ = {isa = PBXFileReference; lastKnownFileType = image.png; path = grn27full.png; sourceTree = "<group>"; };
		982F9B11209BAAFF009BBD8B /* magic.app */ = {isa = PBXFileReference; explicitFileType = wrapper.application; includeInIndex = 0; path = magic.app; sourceTree = BUILT_PRODUCTS_DIR; };
		982F9B14209BAAFF009BBD8B /* AppDelegate.swift */ = {isa = PBXFileReference; lastKnownFileType = sourcecode.swift; path = AppDelegate.swift; sourceTree = "<group>"; };
		982F9B1A209BAAFF009BBD8B /* GameScene.swift */ = {isa = PBXFileReference; lastKnownFileType = sourcecode.swift; path = GameScene.swift; sourceTree = "<group>"; };
		982F9B1C209BAAFF009BBD8B /* GameViewController.swift */ = {isa = PBXFileReference; lastKnownFileType = sourcecode.swift; path = GameViewController.swift; sourceTree = "<group>"; };
		982F9B1F209BAAFF009BBD8B /* Base */ = {isa = PBXFileReference; lastKnownFileType = file.storyboard; name = Base; path = Base.lproj/Main.storyboard; sourceTree = "<group>"; };
		982F9B21209BAB00009BBD8B /* Assets.xcassets */ = {isa = PBXFileReference; lastKnownFileType = folder.assetcatalog; path = Assets.xcassets; sourceTree = "<group>"; };
		982F9B24209BAB00009BBD8B /* Base */ = {isa = PBXFileReference; lastKnownFileType = file.storyboard; name = Base; path = Base.lproj/LaunchScreen.storyboard; sourceTree = "<group>"; };
		982F9B26209BAB00009BBD8B /* Info.plist */ = {isa = PBXFileReference; lastKnownFileType = text.plist.xml; path = Info.plist; sourceTree = "<group>"; };
		982F9B2D209BAC81009BBD8B /* Game.swift */ = {isa = PBXFileReference; lastKnownFileType = sourcecode.swift; path = Game.swift; sourceTree = "<group>"; };
		982F9B2F209BACC7009BBD8B /* Player.swift */ = {isa = PBXFileReference; lastKnownFileType = sourcecode.swift; path = Player.swift; sourceTree = "<group>"; };
		982F9B31209BAD33009BBD8B /* Card.swift */ = {isa = PBXFileReference; lastKnownFileType = sourcecode.swift; path = Card.swift; sourceTree = "<group>"; };
		982F9B34209BBFE9009BBD8B /* PlayerHandNode.swift */ = {isa = PBXFileReference; lastKnownFileType = sourcecode.swift; path = PlayerHandNode.swift; sourceTree = "<group>"; };
		982F9B36209BC14B009BBD8B /* CardNode.swift */ = {isa = PBXFileReference; lastKnownFileType = sourcecode.swift; path = CardNode.swift; sourceTree = "<group>"; };
		983373D3215C498B003CD4D0 /* TriggeredAbility.swift */ = {isa = PBXFileReference; lastKnownFileType = sourcecode.swift; path = TriggeredAbility.swift; sourceTree = "<group>"; };
		983373D5215C4A5D003CD4D0 /* Trigger.swift */ = {isa = PBXFileReference; lastKnownFileType = sourcecode.swift; path = Trigger.swift; sourceTree = "<group>"; };
		983373D7215C4FD1003CD4D0 /* grn129full.png */ = {isa = PBXFileReference; lastKnownFileType = image.png; path = grn129full.png; sourceTree = "<group>"; };
		983373D9215C5663003CD4D0 /* grn135full.png */ = {isa = PBXFileReference; lastKnownFileType = image.png; path = grn135full.png; sourceTree = "<group>"; };
		983373DB215C5916003CD4D0 /* grn158full.png */ = {isa = PBXFileReference; lastKnownFileType = image.png; path = grn158full.png; sourceTree = "<group>"; };
		983373DD215C61BD003CD4D0 /* grn15full.png */ = {isa = PBXFileReference; lastKnownFileType = image.png; path = grn15full.png; sourceTree = "<group>"; };
		983373DF215C6406003CD4D0 /* grnt6full.png */ = {isa = PBXFileReference; lastKnownFileType = image.png; path = grnt6full.png; sourceTree = "<group>"; };
		983373E1215C6421003CD4D0 /* grn161full.png */ = {isa = PBXFileReference; lastKnownFileType = image.png; path = grn161full.png; sourceTree = "<group>"; };
		9840897D20CAF562005DA8F6 /* Rarity.swift */ = {isa = PBXFileReference; lastKnownFileType = sourcecode.swift; path = Rarity.swift; sourceTree = "<group>"; };
		9840897F20CAFE8C005DA8F6 /* SpellStack.swift */ = {isa = PBXFileReference; lastKnownFileType = sourcecode.swift; path = SpellStack.swift; sourceTree = "<group>"; };
		9840898120CAFF27005DA8F6 /* Stack.swift */ = {isa = PBXFileReference; lastKnownFileType = sourcecode.swift; path = Stack.swift; sourceTree = "<group>"; };
		98423C3220EED3E90053B729 /* TargetedEffect.swift */ = {isa = PBXFileReference; lastKnownFileType = sourcecode.swift; path = TargetedEffect.swift; sourceTree = "<group>"; };
		98423C3420EED8260053B729 /* UntargetedEffect.swift */ = {isa = PBXFileReference; lastKnownFileType = sourcecode.swift; path = UntargetedEffect.swift; sourceTree = "<group>"; };
		98478513216537EB004D51A8 /* m19t8full.png */ = {isa = PBXFileReference; lastKnownFileType = image.png; path = m19t8full.png; sourceTree = "<group>"; };
		98478514216537EB004D51A8 /* m19t11full.png */ = {isa = PBXFileReference; lastKnownFileType = image.png; path = m19t11full.png; sourceTree = "<group>"; };
		98478517216537F8004D51A8 /* m1993full.png */ = {isa = PBXFileReference; lastKnownFileType = image.png; path = m1993full.png; sourceTree = "<group>"; };
		98478518216537F9004D51A8 /* m1989full.png */ = {isa = PBXFileReference; lastKnownFileType = image.png; path = m1989full.png; sourceTree = "<group>"; };
		98478519216537F9004D51A8 /* m19139full.png */ = {isa = PBXFileReference; lastKnownFileType = image.png; path = m19139full.png; sourceTree = "<group>"; };
		9847851A216537F9004D51A8 /* m19140full.png */ = {isa = PBXFileReference; lastKnownFileType = image.png; path = m19140full.png; sourceTree = "<group>"; };
		9847851B216537F9004D51A8 /* m19142full.png */ = {isa = PBXFileReference; lastKnownFileType = image.png; path = m19142full.png; sourceTree = "<group>"; };
		9847851C216537F9004D51A8 /* m19188full.png */ = {isa = PBXFileReference; lastKnownFileType = image.png; path = m19188full.png; sourceTree = "<group>"; };
		9847851D216537F9004D51A8 /* m19190full.png */ = {isa = PBXFileReference; lastKnownFileType = image.png; path = m19190full.png; sourceTree = "<group>"; };
		9847851E216537F9004D51A8 /* m19198full.png */ = {isa = PBXFileReference; lastKnownFileType = image.png; path = m19198full.png; sourceTree = "<group>"; };
		985D38EE216426C7001CF7FA /* dom120full.png */ = {isa = PBXFileReference; lastKnownFileType = image.png; path = dom120full.png; sourceTree = "<group>"; };
		985D38F0216426CE001CF7FA /* dom189full.png */ = {isa = PBXFileReference; lastKnownFileType = image.png; path = dom189full.png; sourceTree = "<group>"; };
		985D38F1216426CE001CF7FA /* dom180full.png */ = {isa = PBXFileReference; lastKnownFileType = image.png; path = dom180full.png; sourceTree = "<group>"; };
		985D38F2216426CE001CF7FA /* dom177full.png */ = {isa = PBXFileReference; lastKnownFileType = image.png; path = dom177full.png; sourceTree = "<group>"; };
		985D38F621642ABB001CF7FA /* m19t4full.png */ = {isa = PBXFileReference; lastKnownFileType = image.png; path = m19t4full.png; sourceTree = "<group>"; };
		985D38F821642AC8001CF7FA /* m1912full.png */ = {isa = PBXFileReference; lastKnownFileType = image.png; path = m1912full.png; sourceTree = "<group>"; };
		985D38F921642AC8001CF7FA /* m1911full.png */ = {isa = PBXFileReference; lastKnownFileType = image.png; path = m1911full.png; sourceTree = "<group>"; };
		985D38FA21642AC8001CF7FA /* m1910full.png */ = {isa = PBXFileReference; lastKnownFileType = image.png; path = m1910full.png; sourceTree = "<group>"; };
		985E0F8020A25B04006759B3 /* Geometry.swift */ = {isa = PBXFileReference; lastKnownFileType = sourcecode.swift; path = Geometry.swift; sourceTree = "<group>"; };
		985E0F8220A26339006759B3 /* BasicLand.swift */ = {isa = PBXFileReference; lastKnownFileType = sourcecode.swift; path = BasicLand.swift; sourceTree = "<group>"; };
		985E0F8420A26384006759B3 /* Type.swift */ = {isa = PBXFileReference; lastKnownFileType = sourcecode.swift; path = Type.swift; sourceTree = "<group>"; };
		985E0F8820A27852006759B3 /* LandsNode.swift */ = {isa = PBXFileReference; lastKnownFileType = sourcecode.swift; path = LandsNode.swift; sourceTree = "<group>"; };
		9862984420D844A100CE8E10 /* LimitedEditionAlpha.swift */ = {isa = PBXFileReference; lastKnownFileType = sourcecode.swift; path = LimitedEditionAlpha.swift; sourceTree = "<group>"; };
		9868005B20E5401400E6E730 /* m19261full.png */ = {isa = PBXFileReference; lastKnownFileType = image.png; path = m19261full.png; sourceTree = "<group>"; };
		9868005D20E5408500E6E730 /* m19277full.png */ = {isa = PBXFileReference; lastKnownFileType = image.png; path = m19277full.png; sourceTree = "<group>"; };
		9868005F20E5419B00E6E730 /* m19171full.png */ = {isa = PBXFileReference; lastKnownFileType = image.png; path = m19171full.png; sourceTree = "<group>"; };
		9868006120E541A100E6E730 /* m19185full.png */ = {isa = PBXFileReference; lastKnownFileType = image.png; path = m19185full.png; sourceTree = "<group>"; };
		986D5C8720D1B853005E944E /* Magic2019.swift */ = {isa = PBXFileReference; lastKnownFileType = sourcecode.swift; path = Magic2019.swift; sourceTree = "<group>"; };
		986D5C8920D1BF55005E944E /* HandCardNode.swift */ = {isa = PBXFileReference; lastKnownFileType = sourcecode.swift; path = HandCardNode.swift; sourceTree = "<group>"; };
		986D5C8B20D1C0E2005E944E /* LandsCardNode.swift */ = {isa = PBXFileReference; lastKnownFileType = sourcecode.swift; path = LandsCardNode.swift; sourceTree = "<group>"; };
		986D5C8F20D1CDB6005E944E /* ManaPoolNode.swift */ = {isa = PBXFileReference; lastKnownFileType = sourcecode.swift; path = ManaPoolNode.swift; sourceTree = "<group>"; };
		986D5C9320D1E60B005E944E /* ManaPool.swift */ = {isa = PBXFileReference; lastKnownFileType = sourcecode.swift; path = ManaPool.swift; sourceTree = "<group>"; };
		986D5C9520D1ECC5005E944E /* CreaturesNode.swift */ = {isa = PBXFileReference; lastKnownFileType = sourcecode.swift; path = CreaturesNode.swift; sourceTree = "<group>"; };
		986D5C9720D1ECFA005E944E /* CreaturesCardNode.swift */ = {isa = PBXFileReference; lastKnownFileType = sourcecode.swift; path = CreaturesCardNode.swift; sourceTree = "<group>"; };
		986D5C9920D1F4FE005E944E /* StackNode.swift */ = {isa = PBXFileReference; lastKnownFileType = sourcecode.swift; path = StackNode.swift; sourceTree = "<group>"; };
		986D5C9B20D1F656005E944E /* StackObjectNode.swift */ = {isa = PBXFileReference; lastKnownFileType = sourcecode.swift; path = StackObjectNode.swift; sourceTree = "<group>"; };
		986D5C9D20D1FE8C005E944E /* CommandButtonsNode.swift */ = {isa = PBXFileReference; lastKnownFileType = sourcecode.swift; path = CommandButtonsNode.swift; sourceTree = "<group>"; };
		986EAA5920A10F0300F3CCDC /* Color.swift */ = {isa = PBXFileReference; lastKnownFileType = sourcecode.swift; path = Color.swift; sourceTree = "<group>"; };
		986EAA5B20A1110000F3CCDC /* Object.swift */ = {isa = PBXFileReference; lastKnownFileType = sourcecode.swift; path = Object.swift; sourceTree = "<group>"; };
		986ED55B215F05F1008B44DC /* Dominaria.swift */ = {isa = PBXFileReference; lastKnownFileType = sourcecode.swift; path = Dominaria.swift; sourceTree = "<group>"; };
		986ED55E215F094D008B44DC /* dom9full.png */ = {isa = PBXFileReference; lastKnownFileType = image.png; path = dom9full.png; sourceTree = "<group>"; };
		986ED560215F0953008B44DC /* domt1full.png */ = {isa = PBXFileReference; lastKnownFileType = image.png; path = domt1full.png; sourceTree = "<group>"; };
		986ED562215F0959008B44DC /* domt2full.png */ = {isa = PBXFileReference; lastKnownFileType = image.png; path = domt2full.png; sourceTree = "<group>"; };
		9871B61221595A2800A6A6AB /* grn65full.png */ = {isa = PBXFileReference; lastKnownFileType = image.png; path = grn65full.png; sourceTree = "<group>"; };
		98A0D715215B14C300D90BCD /* grn94full.png */ = {isa = PBXFileReference; lastKnownFileType = image.png; path = grn94full.png; sourceTree = "<group>"; };
		98A19A2B2167E6EE002A4296 /* grn182full.png */ = {isa = PBXFileReference; lastKnownFileType = image.png; path = grn182full.png; sourceTree = "<group>"; };
		98A19A2D2167EC85002A4296 /* ActivatedAbility.swift */ = {isa = PBXFileReference; lastKnownFileType = sourcecode.swift; path = ActivatedAbility.swift; sourceTree = "<group>"; };
		98A19A2F2167FEAA002A4296 /* grn88full.png */ = {isa = PBXFileReference; lastKnownFileType = image.png; path = grn88full.png; sourceTree = "<group>"; };
		98A19A3121680C1C002A4296 /* grn127full.png */ = {isa = PBXFileReference; lastKnownFileType = image.png; path = grn127full.png; sourceTree = "<group>"; };
		98A8CA2621620954009E92FB /* domt11full.png */ = {isa = PBXFileReference; lastKnownFileType = image.png; path = domt11full.png; sourceTree = "<group>"; };
		98A8CA2721620954009E92FB /* domt12full.png */ = {isa = PBXFileReference; lastKnownFileType = image.png; path = domt12full.png; sourceTree = "<group>"; };
		98A8CA2821620954009E92FB /* domt13full.png */ = {isa = PBXFileReference; lastKnownFileType = image.png; path = domt13full.png; sourceTree = "<group>"; };
		98A8CA2C2162095E009E92FB /* dom27full.png */ = {isa = PBXFileReference; lastKnownFileType = image.png; path = dom27full.png; sourceTree = "<group>"; };
		98A8CA2D2162095E009E92FB /* dom63full.png */ = {isa = PBXFileReference; lastKnownFileType = image.png; path = dom63full.png; sourceTree = "<group>"; };
		98A8CA2E2162095F009E92FB /* dom78full.png */ = {isa = PBXFileReference; lastKnownFileType = image.png; path = dom78full.png; sourceTree = "<group>"; };
		98A8CA2F2162095F009E92FB /* dom91full.png */ = {isa = PBXFileReference; lastKnownFileType = image.png; path = dom91full.png; sourceTree = "<group>"; };
		98A8CA302162095F009E92FB /* dom22full.png */ = {isa = PBXFileReference; lastKnownFileType = image.png; path = dom22full.png; sourceTree = "<group>"; };
		98A8CA312162095F009E92FB /* dom71full.png */ = {isa = PBXFileReference; lastKnownFileType = image.png; path = dom71full.png; sourceTree = "<group>"; };
		98A8CA322162095F009E92FB /* dom84full.png */ = {isa = PBXFileReference; lastKnownFileType = image.png; path = dom84full.png; sourceTree = "<group>"; };
		98A8CA332162095F009E92FB /* dom81full.png */ = {isa = PBXFileReference; lastKnownFileType = image.png; path = dom81full.png; sourceTree = "<group>"; };
		98A8CA342162095F009E92FB /* dom52full.png */ = {isa = PBXFileReference; lastKnownFileType = image.png; path = dom52full.png; sourceTree = "<group>"; };
		98A8CA352162095F009E92FB /* dom24full.png */ = {isa = PBXFileReference; lastKnownFileType = image.png; path = dom24full.png; sourceTree = "<group>"; };
		98AA80222165F0DB004BFE0B /* ContinuousEffect.swift */ = {isa = PBXFileReference; lastKnownFileType = sourcecode.swift; path = ContinuousEffect.swift; sourceTree = "<group>"; };
		98AA80242165F5EA004BFE0B /* grn28full.png */ = {isa = PBXFileReference; lastKnownFileType = image.png; path = grn28full.png; sourceTree = "<group>"; };
		98AA80262166022E004BFE0B /* grn137full.png */ = {isa = PBXFileReference; lastKnownFileType = image.png; path = grn137full.png; sourceTree = "<group>"; };
		98AA80282166041F004BFE0B /* grn157full.png */ = {isa = PBXFileReference; lastKnownFileType = image.png; path = grn157full.png; sourceTree = "<group>"; };
		98D0438720EE86920009143E /* m19100full.png */ = {isa = PBXFileReference; lastKnownFileType = image.png; path = m19100full.png; sourceTree = "<group>"; };
		98D0438920EE87070009143E /* m19269full.png */ = {isa = PBXFileReference; lastKnownFileType = image.png; path = m19269full.png; sourceTree = "<group>"; };
		98D0438C20EE87B60009143E /* Opponent.swift */ = {isa = PBXFileReference; lastKnownFileType = sourcecode.swift; path = Opponent.swift; sourceTree = "<group>"; };
		98DFD47020D9D5C300B2EEA1 /* LifeNode.swift */ = {isa = PBXFileReference; lastKnownFileType = sourcecode.swift; path = LifeNode.swift; sourceTree = "<group>"; };
		98E549A420D88CA200D64482 /* Phase.swift */ = {isa = PBXFileReference; lastKnownFileType = sourcecode.swift; path = Phase.swift; sourceTree = "<group>"; };
		98E8A04C20EAF49800A951DA /* m19187full.png */ = {isa = PBXFileReference; lastKnownFileType = image.png; path = m19187full.png; sourceTree = "<group>"; };
		98E8A04D20EAF49900A951DA /* m19206full.png */ = {isa = PBXFileReference; lastKnownFileType = image.png; path = m19206full.png; sourceTree = "<group>"; };
		98E8A05020EAF79100A951DA /* Effect.swift */ = {isa = PBXFileReference; lastKnownFileType = sourcecode.swift; path = Effect.swift; sourceTree = "<group>"; };
		98E8A05220EAFBF100A951DA /* m19265full.png */ = {isa = PBXFileReference; lastKnownFileType = image.png; path = m19265full.png; sourceTree = "<group>"; };
		98E8A05320EAFBF100A951DA /* m1951full.png */ = {isa = PBXFileReference; lastKnownFileType = image.png; path = m1951full.png; sourceTree = "<group>"; };
		98E8A05420EAFBF200A951DA /* m1980full.png */ = {isa = PBXFileReference; lastKnownFileType = image.png; path = m1980full.png; sourceTree = "<group>"; };
		98E8A05820EAFFB000A951DA /* m1931full.png */ = {isa = PBXFileReference; lastKnownFileType = image.png; path = m1931full.png; sourceTree = "<group>"; };
		98E8A05A20EAFFBB00A951DA /* m1935full.png */ = {isa = PBXFileReference; lastKnownFileType = image.png; path = m1935full.png; sourceTree = "<group>"; };
		98E8A05C20EAFFD000A951DA /* m19234full.png */ = {isa = PBXFileReference; lastKnownFileType = image.png; path = m19234full.png; sourceTree = "<group>"; };
		98E8A05E20EB01A600A951DA /* m1966full.png */ = {isa = PBXFileReference; lastKnownFileType = image.png; path = m1966full.png; sourceTree = "<group>"; };
		98ECCF06215CB51E0030ED51 /* lea98full.png */ = {isa = PBXFileReference; lastKnownFileType = image.png; path = lea98full.png; sourceTree = "<group>"; };
		98ECCF08215CB70D0030ED51 /* lea125full.png */ = {isa = PBXFileReference; lastKnownFileType = image.png; path = lea125full.png; sourceTree = "<group>"; };
		98ECCF0A215CBC8A0030ED51 /* lea129full.png */ = {isa = PBXFileReference; lastKnownFileType = image.png; path = lea129full.png; sourceTree = "<group>"; };
		98ECCF0C215CBE6F0030ED51 /* lea144full.png */ = {isa = PBXFileReference; lastKnownFileType = image.png; path = lea144full.png; sourceTree = "<group>"; };
		98ECCF0E215CBE740030ED51 /* lea148full.png */ = {isa = PBXFileReference; lastKnownFileType = image.png; path = lea148full.png; sourceTree = "<group>"; };
		98ECCF10215CCFCA0030ED51 /* lea157full.png */ = {isa = PBXFileReference; lastKnownFileType = image.png; path = lea157full.png; sourceTree = "<group>"; };
		98ECCF11215CCFCA0030ED51 /* lea183full.png */ = {isa = PBXFileReference; lastKnownFileType = image.png; path = lea183full.png; sourceTree = "<group>"; };
		98ECCF12215CCFCA0030ED51 /* lea267full.png */ = {isa = PBXFileReference; lastKnownFileType = image.png; path = lea267full.png; sourceTree = "<group>"; };
		98ECCF13215CCFCA0030ED51 /* lea201full.png */ = {isa = PBXFileReference; lastKnownFileType = image.png; path = lea201full.png; sourceTree = "<group>"; };
		98ECCF14215CCFCA0030ED51 /* lea156full.png */ = {isa = PBXFileReference; lastKnownFileType = image.png; path = lea156full.png; sourceTree = "<group>"; };
		98ECCF15215CCFCB0030ED51 /* lea225full.png */ = {isa = PBXFileReference; lastKnownFileType = image.png; path = lea225full.png; sourceTree = "<group>"; };
		98ECCF16215CCFCB0030ED51 /* lea190full.png */ = {isa = PBXFileReference; lastKnownFileType = image.png; path = lea190full.png; sourceTree = "<group>"; };
		98ECCF17215CCFCB0030ED51 /* lea151full.png */ = {isa = PBXFileReference; lastKnownFileType = image.png; path = lea151full.png; sourceTree = "<group>"; };
		98ECCF18215CCFCB0030ED51 /* lea177full.png */ = {isa = PBXFileReference; lastKnownFileType = image.png; path = lea177full.png; sourceTree = "<group>"; };
		98ECCF19215CCFCB0030ED51 /* lea203full.png */ = {isa = PBXFileReference; lastKnownFileType = image.png; path = lea203full.png; sourceTree = "<group>"; };
		98ECCF1A215CCFCB0030ED51 /* lea224full.png */ = {isa = PBXFileReference; lastKnownFileType = image.png; path = lea224full.png; sourceTree = "<group>"; };
		98ECCF1B215CCFCB0030ED51 /* lea182full.png */ = {isa = PBXFileReference; lastKnownFileType = image.png; path = lea182full.png; sourceTree = "<group>"; };
		98ECCF1C215CCFCB0030ED51 /* lea221full.png */ = {isa = PBXFileReference; lastKnownFileType = image.png; path = lea221full.png; sourceTree = "<group>"; };
		98ECCF1D215CCFCB0030ED51 /* lea220full.png */ = {isa = PBXFileReference; lastKnownFileType = image.png; path = lea220full.png; sourceTree = "<group>"; };
		98ECCF1E215CCFCB0030ED51 /* lea164full.png */ = {isa = PBXFileReference; lastKnownFileType = image.png; path = lea164full.png; sourceTree = "<group>"; };
		98ECCF1F215CCFCC0030ED51 /* lea199full.png */ = {isa = PBXFileReference; lastKnownFileType = image.png; path = lea199full.png; sourceTree = "<group>"; };
		98ECCF20215CCFCC0030ED51 /* lea173full.png */ = {isa = PBXFileReference; lastKnownFileType = image.png; path = lea173full.png; sourceTree = "<group>"; };
		98ECCF21215CCFCC0030ED51 /* lea158full.png */ = {isa = PBXFileReference; lastKnownFileType = image.png; path = lea158full.png; sourceTree = "<group>"; };
		98FA8E562156B52400EF5203 /* GuildsOfRavnica.swift */ = {isa = PBXFileReference; lastKnownFileType = sourcecode.swift; path = GuildsOfRavnica.swift; sourceTree = "<group>"; };
		98FA8E592156B86B00EF5203 /* grn4full.png */ = {isa = PBXFileReference; lastKnownFileType = image.png; path = grn4full.png; sourceTree = "<group>"; };
		98FA8E5B2156B9D600EF5203 /* grn5full.png */ = {isa = PBXFileReference; lastKnownFileType = image.png; path = grn5full.png; sourceTree = "<group>"; };
		98FA8E5D2156BCF900EF5203 /* grn58full.png */ = {isa = PBXFileReference; lastKnownFileType = image.png; path = grn58full.png; sourceTree = "<group>"; };
		98FA8E5E2156BCF900EF5203 /* grn60full.png */ = {isa = PBXFileReference; lastKnownFileType = image.png; path = grn60full.png; sourceTree = "<group>"; };
		98FA8E612156BF0C00EF5203 /* grn70full.png */ = {isa = PBXFileReference; lastKnownFileType = image.png; path = grn70full.png; sourceTree = "<group>"; };
		98FA8E632156C06D00EF5203 /* grn84full.png */ = {isa = PBXFileReference; lastKnownFileType = image.png; path = grn84full.png; sourceTree = "<group>"; };
		98FA8E652156C4B100EF5203 /* grn149full.png */ = {isa = PBXFileReference; lastKnownFileType = image.png; path = grn149full.png; sourceTree = "<group>"; };
		98FA8E662156C4B100EF5203 /* grn150full.png */ = {isa = PBXFileReference; lastKnownFileType = image.png; path = grn150full.png; sourceTree = "<group>"; };
		98FA8E672156C4B100EF5203 /* grn100full.png */ = {isa = PBXFileReference; lastKnownFileType = image.png; path = grn100full.png; sourceTree = "<group>"; };
/* End PBXFileReference section */

/* Begin PBXFrameworksBuildPhase section */
		982F9B0E209BAAFF009BBD8B /* Frameworks */ = {
			isa = PBXFrameworksBuildPhase;
			buildActionMask = 2147483647;
			files = (
			);
			runOnlyForDeploymentPostprocessing = 0;
		};
/* End PBXFrameworksBuildPhase section */

/* Begin PBXGroup section */
		9818425020CA03C40068DC91 /* cards */ = {
			isa = PBXGroup;
			children = (
				9862984420D844A100CE8E10 /* LimitedEditionAlpha.swift */,
				9818425120CA03D50068DC91 /* Kaladesh.swift */,
				986ED55B215F05F1008B44DC /* Dominaria.swift */,
				986D5C8720D1B853005E944E /* Magic2019.swift */,
				98FA8E562156B52400EF5203 /* GuildsOfRavnica.swift */,
			);
			path = cards;
			sourceTree = "<group>";
		};
		9823DDEF215982360080C806 /* lea */ = {
			isa = PBXGroup;
			children = (
				9823DDF4215984E20080C806 /* lea2full.png */,
				9823DDF621598D200080C806 /* lea18full.png */,
				9823DDF821598D210080C806 /* lea30full.png */,
				9823DDF721598D200080C806 /* lea38full.png */,
				9823DDFB21598D210080C806 /* lea66full.png */,
				9823DDF921598D210080C806 /* lea86full.png */,
				9823DDFA21598D210080C806 /* lea91full.png */,
				98ECCF06215CB51E0030ED51 /* lea98full.png */,
				98ECCF08215CB70D0030ED51 /* lea125full.png */,
				98ECCF0A215CBC8A0030ED51 /* lea129full.png */,
				98ECCF0C215CBE6F0030ED51 /* lea144full.png */,
				98ECCF0E215CBE740030ED51 /* lea148full.png */,
				98ECCF17215CCFCB0030ED51 /* lea151full.png */,
				98ECCF14215CCFCA0030ED51 /* lea156full.png */,
				98ECCF10215CCFCA0030ED51 /* lea157full.png */,
				98ECCF21215CCFCC0030ED51 /* lea158full.png */,
				98ECCF1E215CCFCB0030ED51 /* lea164full.png */,
				98ECCF20215CCFCC0030ED51 /* lea173full.png */,
				98ECCF18215CCFCB0030ED51 /* lea177full.png */,
				98ECCF1B215CCFCB0030ED51 /* lea182full.png */,
				98ECCF11215CCFCA0030ED51 /* lea183full.png */,
				98ECCF16215CCFCB0030ED51 /* lea190full.png */,
				98ECCF1F215CCFCC0030ED51 /* lea199full.png */,
				98ECCF13215CCFCA0030ED51 /* lea201full.png */,
				98ECCF19215CCFCB0030ED51 /* lea203full.png */,
				98ECCF1D215CCFCB0030ED51 /* lea220full.png */,
				98ECCF1C215CCFCB0030ED51 /* lea221full.png */,
				98ECCF1A215CCFCB0030ED51 /* lea224full.png */,
				98ECCF15215CCFCB0030ED51 /* lea225full.png */,
				98ECCF12215CCFCA0030ED51 /* lea267full.png */,
			);
			path = lea;
			sourceTree = "<group>";
		};
		982F9B08209BAAFF009BBD8B = {
			isa = PBXGroup;
			children = (
				982F9B13209BAAFF009BBD8B /* magic */,
				982F9B12209BAAFF009BBD8B /* Products */,
			);
			sourceTree = "<group>";
		};
		982F9B12209BAAFF009BBD8B /* Products */ = {
			isa = PBXGroup;
			children = (
				982F9B11209BAAFF009BBD8B /* magic.app */,
			);
			name = Products;
			sourceTree = "<group>";
		};
		982F9B13209BAAFF009BBD8B /* magic */ = {
			isa = PBXGroup;
			children = (
				98D0438B20EE87AD0009143E /* ai */,
				9818425020CA03C40068DC91 /* cards */,
				985E0F7F20A25AEB006759B3 /* util */,
				982F9B33209BBFE0009BBD8B /* nodes */,
				982F9B2C209BAC79009BBD8B /* model */,
				982F9B14209BAAFF009BBD8B /* AppDelegate.swift */,
				982F9B1A209BAAFF009BBD8B /* GameScene.swift */,
				982F9B1C209BAAFF009BBD8B /* GameViewController.swift */,
				982F9B1E209BAAFF009BBD8B /* Main.storyboard */,
				982F9B21209BAB00009BBD8B /* Assets.xcassets */,
				982F9B23209BAB00009BBD8B /* LaunchScreen.storyboard */,
				982F9B26209BAB00009BBD8B /* Info.plist */,
				98DFD47220D9DC6C00B2EEA1 /* res */,
			);
			path = magic;
			sourceTree = "<group>";
		};
		982F9B2C209BAC79009BBD8B /* model */ = {
			isa = PBXGroup;
			children = (
				98A19A2D2167EC85002A4296 /* ActivatedAbility.swift */,
				985E0F8220A26339006759B3 /* BasicLand.swift */,
				982F9B31209BAD33009BBD8B /* Card.swift */,
				986EAA5920A10F0300F3CCDC /* Color.swift */,
				98AA80222165F0DB004BFE0B /* ContinuousEffect.swift */,
				98E8A05020EAF79100A951DA /* Effect.swift */,
				982F9B2D209BAC81009BBD8B /* Game.swift */,
				9818425520CA07580068DC91 /* Mana.swift */,
				9818425320CA07050068DC91 /* ManaCost.swift */,
				986D5C9320D1E60B005E944E /* ManaPool.swift */,
				986EAA5B20A1110000F3CCDC /* Object.swift */,
				98E549A420D88CA200D64482 /* Phase.swift */,
				982F9B2F209BACC7009BBD8B /* Player.swift */,
				9840897D20CAF562005DA8F6 /* Rarity.swift */,
				9840897F20CAFE8C005DA8F6 /* SpellStack.swift */,
				98423C3220EED3E90053B729 /* TargetedEffect.swift */,
				983373D5215C4A5D003CD4D0 /* Trigger.swift */,
				983373D3215C498B003CD4D0 /* TriggeredAbility.swift */,
				9823DE022159AADE0080C806 /* Token.swift */,
				985E0F8420A26384006759B3 /* Type.swift */,
				98423C3420EED8260053B729 /* UntargetedEffect.swift */,
			);
			path = model;
			sourceTree = "<group>";
		};
		982F9B33209BBFE0009BBD8B /* nodes */ = {
			isa = PBXGroup;
			children = (
				982F9B36209BC14B009BBD8B /* CardNode.swift */,
				986D5C9D20D1FE8C005E944E /* CommandButtonsNode.swift */,
				986D5C9520D1ECC5005E944E /* CreaturesNode.swift */,
				986D5C9720D1ECFA005E944E /* CreaturesCardNode.swift */,
				986D5C8920D1BF55005E944E /* HandCardNode.swift */,
				985E0F8820A27852006759B3 /* LandsNode.swift */,
				986D5C8B20D1C0E2005E944E /* LandsCardNode.swift */,
				98DFD47020D9D5C300B2EEA1 /* LifeNode.swift */,
				986D5C8F20D1CDB6005E944E /* ManaPoolNode.swift */,
				982F9B34209BBFE9009BBD8B /* PlayerHandNode.swift */,
				986D5C9920D1F4FE005E944E /* StackNode.swift */,
				986D5C9B20D1F656005E944E /* StackObjectNode.swift */,
			);
			path = nodes;
			sourceTree = "<group>";
		};
		985E0F7F20A25AEB006759B3 /* util */ = {
			isa = PBXGroup;
			children = (
				985E0F8020A25B04006759B3 /* Geometry.swift */,
				9840898120CAFF27005DA8F6 /* Stack.swift */,
				9818425720CA0B010068DC91 /* Util.swift */,
			);
			path = util;
			sourceTree = "<group>";
		};
		986ED55D215F06F9008B44DC /* dom */ = {
			isa = PBXGroup;
			children = (
				986ED55E215F094D008B44DC /* dom9full.png */,
				98A8CA302162095F009E92FB /* dom22full.png */,
				98A8CA352162095F009E92FB /* dom24full.png */,
				98A8CA2C2162095E009E92FB /* dom27full.png */,
				98A8CA342162095F009E92FB /* dom52full.png */,
				98A8CA2D2162095E009E92FB /* dom63full.png */,
				98A8CA312162095F009E92FB /* dom71full.png */,
				98A8CA2E2162095F009E92FB /* dom78full.png */,
				98A8CA332162095F009E92FB /* dom81full.png */,
				98A8CA322162095F009E92FB /* dom84full.png */,
				98A8CA2F2162095F009E92FB /* dom91full.png */,
				985D38EE216426C7001CF7FA /* dom120full.png */,
				985D38F2216426CE001CF7FA /* dom177full.png */,
				985D38F1216426CE001CF7FA /* dom180full.png */,
				985D38F0216426CE001CF7FA /* dom189full.png */,
				986ED560215F0953008B44DC /* domt1full.png */,
				986ED562215F0959008B44DC /* domt2full.png */,
				98A8CA2621620954009E92FB /* domt11full.png */,
				98A8CA2721620954009E92FB /* domt12full.png */,
				98A8CA2821620954009E92FB /* domt13full.png */,
			);
			path = dom;
			sourceTree = "<group>";
		};
		98D0438B20EE87AD0009143E /* ai */ = {
			isa = PBXGroup;
			children = (
				98D0438C20EE87B60009143E /* Opponent.swift */,
			);
			path = ai;
			sourceTree = "<group>";
		};
		98DFD47220D9DC6C00B2EEA1 /* res */ = {
			isa = PBXGroup;
			children = (
				98DFD47320D9DC8C00B2EEA1 /* card */,
			);
			path = res;
			sourceTree = "<group>";
		};
		98DFD47320D9DC8C00B2EEA1 /* card */ = {
			isa = PBXGroup;
			children = (
				986ED55D215F06F9008B44DC /* dom */,
				9823DDEF215982360080C806 /* lea */,
				98FA8E582156B85700EF5203 /* grn */,
				98DFD47420D9DC9700B2EEA1 /* m19 */,
			);
			path = card;
			sourceTree = "<group>";
		};
		98DFD47420D9DC9700B2EEA1 /* m19 */ = {
			isa = PBXGroup;
			children = (
				985D38FA21642AC8001CF7FA /* m1910full.png */,
				985D38F921642AC8001CF7FA /* m1911full.png */,
				985D38F821642AC8001CF7FA /* m1912full.png */,
				9822329E20EFD4FA00B07803 /* m1916full.png */,
				98E8A05820EAFFB000A951DA /* m1931full.png */,
				98E8A05A20EAFFBB00A951DA /* m1935full.png */,
				982232A020EFD67900B07803 /* m1940full.png */,
				982232A220EFE51D00B07803 /* m1950full.png */,
				98E8A05320EAFBF100A951DA /* m1951full.png */,
				98E8A05E20EB01A600A951DA /* m1966full.png */,
				98E8A05420EAFBF200A951DA /* m1980full.png */,
				98478518216537F9004D51A8 /* m1989full.png */,
				98478517216537F8004D51A8 /* m1993full.png */,
				98D0438720EE86920009143E /* m19100full.png */,
				982232A420EFE64E00B07803 /* m19105full.png */,
				9822329C20EFCFE100B07803 /* m19110full.png */,
				98478519216537F9004D51A8 /* m19139full.png */,
				9847851A216537F9004D51A8 /* m19140full.png */,
				9847851B216537F9004D51A8 /* m19142full.png */,
				982232A820EFE70400B07803 /* m19153full.png */,
				982232AA20EFEB3200B07803 /* m19158full.png */,
				9868005F20E5419B00E6E730 /* m19171full.png */,
				9868006120E541A100E6E730 /* m19185full.png */,
				98E8A04C20EAF49800A951DA /* m19187full.png */,
				9847851C216537F9004D51A8 /* m19188full.png */,
				9847851D216537F9004D51A8 /* m19190full.png */,
				9847851E216537F9004D51A8 /* m19198full.png */,
				98E8A04D20EAF49900A951DA /* m19206full.png */,
				98E8A05C20EAFFD000A951DA /* m19234full.png */,
				9868005B20E5401400E6E730 /* m19261full.png */,
				98E8A05220EAFBF100A951DA /* m19265full.png */,
				98D0438920EE87070009143E /* m19269full.png */,
				982232A620EFE6D100B07803 /* m19273full.png */,
				9868005D20E5408500E6E730 /* m19277full.png */,
				985D38F621642ABB001CF7FA /* m19t4full.png */,
				98478513216537EB004D51A8 /* m19t8full.png */,
				98478514216537EB004D51A8 /* m19t11full.png */,
			);
			path = m19;
			sourceTree = "<group>";
		};
		98FA8E582156B85700EF5203 /* grn */ = {
			isa = PBXGroup;
			children = (
				98FA8E592156B86B00EF5203 /* grn4full.png */,
				98FA8E5B2156B9D600EF5203 /* grn5full.png */,
				983373DD215C61BD003CD4D0 /* grn15full.png */,
				9823DE082159B54E0080C806 /* grn27full.png */,
				98AA80242165F5EA004BFE0B /* grn28full.png */,
				98FA8E5D2156BCF900EF5203 /* grn58full.png */,
				98FA8E5E2156BCF900EF5203 /* grn60full.png */,
				9871B61221595A2800A6A6AB /* grn65full.png */,
				98FA8E612156BF0C00EF5203 /* grn70full.png */,
				98FA8E632156C06D00EF5203 /* grn84full.png */,
				98A19A2F2167FEAA002A4296 /* grn88full.png */,
				98A0D715215B14C300D90BCD /* grn94full.png */,
				98FA8E672156C4B100EF5203 /* grn100full.png */,
				98A19A3121680C1C002A4296 /* grn127full.png */,
				983373D7215C4FD1003CD4D0 /* grn129full.png */,
				983373D9215C5663003CD4D0 /* grn135full.png */,
				98AA80262166022E004BFE0B /* grn137full.png */,
				98FA8E652156C4B100EF5203 /* grn149full.png */,
				98FA8E662156C4B100EF5203 /* grn150full.png */,
				98AA80282166041F004BFE0B /* grn157full.png */,
				983373DB215C5916003CD4D0 /* grn158full.png */,
				983373E1215C6421003CD4D0 /* grn161full.png */,
				98A19A2B2167E6EE002A4296 /* grn182full.png */,
				9823DE062159B41C0080C806 /* grnt2full.png */,
				983373DF215C6406003CD4D0 /* grnt6full.png */,
			);
			path = grn;
			sourceTree = "<group>";
		};
/* End PBXGroup section */

/* Begin PBXNativeTarget section */
		982F9B10209BAAFF009BBD8B /* magic */ = {
			isa = PBXNativeTarget;
			buildConfigurationList = 982F9B29209BAB00009BBD8B /* Build configuration list for PBXNativeTarget "magic" */;
			buildPhases = (
				982F9B0D209BAAFF009BBD8B /* Sources */,
				982F9B0E209BAAFF009BBD8B /* Frameworks */,
				982F9B0F209BAAFF009BBD8B /* Resources */,
			);
			buildRules = (
			);
			dependencies = (
			);
			name = magic;
			productName = magic;
			productReference = 982F9B11209BAAFF009BBD8B /* magic.app */;
			productType = "com.apple.product-type.application";
		};
/* End PBXNativeTarget section */

/* Begin PBXProject section */
		982F9B09209BAAFF009BBD8B /* Project object */ = {
			isa = PBXProject;
			attributes = {
				LastSwiftUpdateCheck = 0930;
				LastUpgradeCheck = 0930;
				ORGANIZATIONNAME = "Rory Snively";
				TargetAttributes = {
					982F9B10209BAAFF009BBD8B = {
						CreatedOnToolsVersion = 9.3;
					};
				};
			};
			buildConfigurationList = 982F9B0C209BAAFF009BBD8B /* Build configuration list for PBXProject "magic" */;
			compatibilityVersion = "Xcode 9.3";
			developmentRegion = en;
			hasScannedForEncodings = 0;
			knownRegions = (
				en,
				Base,
			);
			mainGroup = 982F9B08209BAAFF009BBD8B;
			productRefGroup = 982F9B12209BAAFF009BBD8B /* Products */;
			projectDirPath = "";
			projectRoot = "";
			targets = (
				982F9B10209BAAFF009BBD8B /* magic */,
			);
		};
/* End PBXProject section */

/* Begin PBXResourcesBuildPhase section */
		982F9B0F209BAAFF009BBD8B /* Resources */ = {
			isa = PBXResourcesBuildPhase;
			buildActionMask = 2147483647;
			files = (
				98ECCF28215CCFCC0030ED51 /* lea190full.png in Resources */,
				9868005C20E5401400E6E730 /* m19261full.png in Resources */,
				98ECCF24215CCFCC0030ED51 /* lea267full.png in Resources */,
				982232AB20EFEB3200B07803 /* m19158full.png in Resources */,
				98AA80252165F5EA004BFE0B /* grn28full.png in Resources */,
				9868006220E541A100E6E730 /* m19185full.png in Resources */,
				98ECCF32215CCFCC0030ED51 /* lea173full.png in Resources */,
				98ECCF2D215CCFCC0030ED51 /* lea182full.png in Resources */,
				98D0438A20EE87070009143E /* m19269full.png in Resources */,
				983373DA215C5663003CD4D0 /* grn135full.png in Resources */,
				98A8CA392162095F009E92FB /* dom91full.png in Resources */,
				98ECCF2F215CCFCC0030ED51 /* lea220full.png in Resources */,
				98FA8E602156BCF900EF5203 /* grn60full.png in Resources */,
				9871B61321595A2800A6A6AB /* grn65full.png in Resources */,
				98478520216537F9004D51A8 /* m1989full.png in Resources */,
				98E8A05B20EAFFBB00A951DA /* m1935full.png in Resources */,
				98A8CA3D2162095F009E92FB /* dom81full.png in Resources */,
				985D38F4216426CE001CF7FA /* dom180full.png in Resources */,
				983373E0215C6406003CD4D0 /* grnt6full.png in Resources */,
				98ECCF0B215CBC8A0030ED51 /* lea129full.png in Resources */,
				98FA8E642156C06D00EF5203 /* grn84full.png in Resources */,
				9822329D20EFCFE100B07803 /* m19110full.png in Resources */,
				98E8A05920EAFFB000A951DA /* m1931full.png in Resources */,
				9823DDFF21598D210080C806 /* lea86full.png in Resources */,
				98478515216537EC004D51A8 /* m19t8full.png in Resources */,
				98FA8E682156C4B100EF5203 /* grn149full.png in Resources */,
				98ECCF25215CCFCC0030ED51 /* lea201full.png in Resources */,
				985D38FD21642AC9001CF7FA /* m1910full.png in Resources */,
				985D38EF216426C7001CF7FA /* dom120full.png in Resources */,
				98ECCF22215CCFCC0030ED51 /* lea157full.png in Resources */,
				98A8CA3E2162095F009E92FB /* dom52full.png in Resources */,
				98ECCF0D215CBE6F0030ED51 /* lea144full.png in Resources */,
				98ECCF2E215CCFCC0030ED51 /* lea221full.png in Resources */,
				98AA80272166022E004BFE0B /* grn137full.png in Resources */,
				98A19A3221680C1C002A4296 /* grn127full.png in Resources */,
				983373DC215C5916003CD4D0 /* grn158full.png in Resources */,
				98A8CA3B2162095F009E92FB /* dom71full.png in Resources */,
				982232A920EFE70400B07803 /* m19153full.png in Resources */,
				9823DDFC21598D210080C806 /* lea18full.png in Resources */,
				98A8CA2A21620954009E92FB /* domt12full.png in Resources */,
				98A8CA362162095F009E92FB /* dom27full.png in Resources */,
				98A8CA3C2162095F009E92FB /* dom84full.png in Resources */,
				98ECCF2B215CCFCC0030ED51 /* lea203full.png in Resources */,
				9823DE092159B54E0080C806 /* grn27full.png in Resources */,
				98FA8E5F2156BCF900EF5203 /* grn58full.png in Resources */,
				986ED561215F0953008B44DC /* domt1full.png in Resources */,
				986ED563215F0959008B44DC /* domt2full.png in Resources */,
				98FA8E622156BF0C00EF5203 /* grn70full.png in Resources */,
				98ECCF07215CB51E0030ED51 /* lea98full.png in Resources */,
				98A0D716215B14C300D90BCD /* grn94full.png in Resources */,
				9847851F216537F9004D51A8 /* m1993full.png in Resources */,
				982232A520EFE64E00B07803 /* m19105full.png in Resources */,
				98ECCF26215CCFCC0030ED51 /* lea156full.png in Resources */,
				98478523216537F9004D51A8 /* m19142full.png in Resources */,
				98ECCF23215CCFCC0030ED51 /* lea183full.png in Resources */,
				9823DDFE21598D210080C806 /* lea30full.png in Resources */,
				98ECCF0F215CBE740030ED51 /* lea148full.png in Resources */,
				983373D8215C4FD1003CD4D0 /* grn129full.png in Resources */,
				985D38F721642ABB001CF7FA /* m19t4full.png in Resources */,
				98478524216537F9004D51A8 /* m19188full.png in Resources */,
				98ECCF27215CCFCC0030ED51 /* lea225full.png in Resources */,
				98A19A302167FEAA002A4296 /* grn88full.png in Resources */,
				9823DDFD21598D210080C806 /* lea38full.png in Resources */,
				982232A720EFE6D100B07803 /* m19273full.png in Resources */,
				98478516216537EC004D51A8 /* m19t11full.png in Resources */,
				9823DE072159B41C0080C806 /* grnt2full.png in Resources */,
				98E8A05D20EAFFD000A951DA /* m19234full.png in Resources */,
				98A19A2C2167E6EF002A4296 /* grn182full.png in Resources */,
				982F9B20209BAAFF009BBD8B /* Main.storyboard in Resources */,
				98478526216537F9004D51A8 /* m19198full.png in Resources */,
				985D38FB21642AC9001CF7FA /* m1912full.png in Resources */,
				98478522216537F9004D51A8 /* m19140full.png in Resources */,
				98FA8E5A2156B86B00EF5203 /* grn4full.png in Resources */,
				98E8A05F20EB01A600A951DA /* m1966full.png in Resources */,
				98FA8E5C2156B9D600EF5203 /* grn5full.png in Resources */,
				98AA80292166041F004BFE0B /* grn157full.png in Resources */,
				98A8CA372162095F009E92FB /* dom63full.png in Resources */,
				982232A320EFE51D00B07803 /* m1950full.png in Resources */,
				98ECCF29215CCFCC0030ED51 /* lea151full.png in Resources */,
				98ECCF30215CCFCC0030ED51 /* lea164full.png in Resources */,
				9823DDF5215984E20080C806 /* lea2full.png in Resources */,
				98A8CA2921620954009E92FB /* domt11full.png in Resources */,
				98D0438820EE86920009143E /* m19100full.png in Resources */,
				983373E2215C6421003CD4D0 /* grn161full.png in Resources */,
				98E8A04E20EAF49900A951DA /* m19187full.png in Resources */,
				98ECCF2A215CCFCC0030ED51 /* lea177full.png in Resources */,
				98A8CA382162095F009E92FB /* dom78full.png in Resources */,
				9823DE0121598D210080C806 /* lea66full.png in Resources */,
				985D38F3216426CE001CF7FA /* dom189full.png in Resources */,
				98E8A05520EAFBF200A951DA /* m19265full.png in Resources */,
				98478521216537F9004D51A8 /* m19139full.png in Resources */,
				98ECCF33215CCFCC0030ED51 /* lea158full.png in Resources */,
				98478525216537F9004D51A8 /* m19190full.png in Resources */,
				985D38FC21642AC9001CF7FA /* m1911full.png in Resources */,
				982232A120EFD67900B07803 /* m1940full.png in Resources */,
				98ECCF31215CCFCC0030ED51 /* lea199full.png in Resources */,
				98A8CA3F2162095F009E92FB /* dom24full.png in Resources */,
				982F9B22209BAB00009BBD8B /* Assets.xcassets in Resources */,
				98E8A04F20EAF49900A951DA /* m19206full.png in Resources */,
				98E8A05720EAFBF200A951DA /* m1980full.png in Resources */,
				982F9B25209BAB00009BBD8B /* LaunchScreen.storyboard in Resources */,
				9868006020E5419B00E6E730 /* m19171full.png in Resources */,
				98ECCF09215CB70D0030ED51 /* lea125full.png in Resources */,
				98A8CA2B21620954009E92FB /* domt13full.png in Resources */,
				985D38F5216426CE001CF7FA /* dom177full.png in Resources */,
				9822329F20EFD4FA00B07803 /* m1916full.png in Resources */,
				98A8CA3A2162095F009E92FB /* dom22full.png in Resources */,
				98FA8E6A2156C4B100EF5203 /* grn100full.png in Resources */,
				98FA8E692156C4B100EF5203 /* grn150full.png in Resources */,
				983373DE215C61BD003CD4D0 /* grn15full.png in Resources */,
				9823DE0021598D210080C806 /* lea91full.png in Resources */,
				98E8A05620EAFBF200A951DA /* m1951full.png in Resources */,
				98ECCF2C215CCFCC0030ED51 /* lea224full.png in Resources */,
				9868005E20E5408500E6E730 /* m19277full.png in Resources */,
				986ED55F215F094D008B44DC /* dom9full.png in Resources */,
			);
			runOnlyForDeploymentPostprocessing = 0;
		};
/* End PBXResourcesBuildPhase section */

/* Begin PBXSourcesBuildPhase section */
		982F9B0D209BAAFF009BBD8B /* Sources */ = {
			isa = PBXSourcesBuildPhase;
			buildActionMask = 2147483647;
			files = (
				986D5C8C20D1C0E2005E944E /* LandsCardNode.swift in Sources */,
				986D5C9E20D1FE8C005E944E /* CommandButtonsNode.swift in Sources */,
				986EAA5C20A1110000F3CCDC /* Object.swift in Sources */,
				9818425820CA0B010068DC91 /* Util.swift in Sources */,
				986D5C9C20D1F656005E944E /* StackObjectNode.swift in Sources */,
				982F9B1B209BAAFF009BBD8B /* GameScene.swift in Sources */,
				982F9B37209BC14B009BBD8B /* CardNode.swift in Sources */,
				98423C3520EED8260053B729 /* UntargetedEffect.swift in Sources */,
				985E0F8320A26339006759B3 /* BasicLand.swift in Sources */,
				985E0F8120A25B04006759B3 /* Geometry.swift in Sources */,
				9818425620CA07580068DC91 /* Mana.swift in Sources */,
				986D5C9420D1E60B005E944E /* ManaPool.swift in Sources */,
				983373D4215C498B003CD4D0 /* TriggeredAbility.swift in Sources */,
				98DFD47120D9D5C300B2EEA1 /* LifeNode.swift in Sources */,
				982F9B35209BBFE9009BBD8B /* PlayerHandNode.swift in Sources */,
				9862984520D844A100CE8E10 /* LimitedEditionAlpha.swift in Sources */,
				98423C3320EED3E90053B729 /* TargetedEffect.swift in Sources */,
				9818425220CA03D50068DC91 /* Kaladesh.swift in Sources */,
				98E8A05120EAF79100A951DA /* Effect.swift in Sources */,
				982F9B32209BAD33009BBD8B /* Card.swift in Sources */,
				982F9B2E209BAC81009BBD8B /* Game.swift in Sources */,
				986D5C9A20D1F4FE005E944E /* StackNode.swift in Sources */,
				98A19A2E2167EC85002A4296 /* ActivatedAbility.swift in Sources */,
				98FA8E572156B52400EF5203 /* GuildsOfRavnica.swift in Sources */,
				985E0F8920A27852006759B3 /* LandsNode.swift in Sources */,
				982F9B1D209BAAFF009BBD8B /* GameViewController.swift in Sources */,
				9840898020CAFE8C005DA8F6 /* SpellStack.swift in Sources */,
				98E549A520D88CA200D64482 /* Phase.swift in Sources */,
				986D5C9620D1ECC5005E944E /* CreaturesNode.swift in Sources */,
				982F9B30209BACC7009BBD8B /* Player.swift in Sources */,
				98AA80232165F0DB004BFE0B /* ContinuousEffect.swift in Sources */,
				98D0438D20EE87B60009143E /* Opponent.swift in Sources */,
				986D5C8A20D1BF55005E944E /* HandCardNode.swift in Sources */,
				982F9B15209BAAFF009BBD8B /* AppDelegate.swift in Sources */,
				9823DE032159AADE0080C806 /* Token.swift in Sources */,
				986D5C9820D1ECFA005E944E /* CreaturesCardNode.swift in Sources */,
				9840898220CAFF27005DA8F6 /* Stack.swift in Sources */,
				986EAA5A20A10F0300F3CCDC /* Color.swift in Sources */,
				986ED55C215F05F1008B44DC /* Dominaria.swift in Sources */,
				985E0F8520A26384006759B3 /* Type.swift in Sources */,
				983373D6215C4A5D003CD4D0 /* Trigger.swift in Sources */,
				9840897E20CAF562005DA8F6 /* Rarity.swift in Sources */,
				986D5C9020D1CDB6005E944E /* ManaPoolNode.swift in Sources */,
				986D5C8820D1B853005E944E /* Magic2019.swift in Sources */,
				9818425420CA07050068DC91 /* ManaCost.swift in Sources */,
			);
			runOnlyForDeploymentPostprocessing = 0;
		};
/* End PBXSourcesBuildPhase section */

/* Begin PBXVariantGroup section */
		982F9B1E209BAAFF009BBD8B /* Main.storyboard */ = {
			isa = PBXVariantGroup;
			children = (
				982F9B1F209BAAFF009BBD8B /* Base */,
			);
			name = Main.storyboard;
			sourceTree = "<group>";
		};
		982F9B23209BAB00009BBD8B /* LaunchScreen.storyboard */ = {
			isa = PBXVariantGroup;
			children = (
				982F9B24209BAB00009BBD8B /* Base */,
			);
			name = LaunchScreen.storyboard;
			sourceTree = "<group>";
		};
/* End PBXVariantGroup section */

/* Begin XCBuildConfiguration section */
		982F9B27209BAB00009BBD8B /* Debug */ = {
			isa = XCBuildConfiguration;
			buildSettings = {
				ALWAYS_SEARCH_USER_PATHS = NO;
				CLANG_ANALYZER_NONNULL = YES;
				CLANG_ANALYZER_NUMBER_OBJECT_CONVERSION = YES_AGGRESSIVE;
				CLANG_CXX_LANGUAGE_STANDARD = "gnu++14";
				CLANG_CXX_LIBRARY = "libc++";
				CLANG_ENABLE_MODULES = YES;
				CLANG_ENABLE_OBJC_ARC = YES;
				CLANG_ENABLE_OBJC_WEAK = YES;
				CLANG_WARN_BLOCK_CAPTURE_AUTORELEASING = YES;
				CLANG_WARN_BOOL_CONVERSION = YES;
				CLANG_WARN_COMMA = YES;
				CLANG_WARN_CONSTANT_CONVERSION = YES;
				CLANG_WARN_DEPRECATED_OBJC_IMPLEMENTATIONS = YES;
				CLANG_WARN_DIRECT_OBJC_ISA_USAGE = YES_ERROR;
				CLANG_WARN_DOCUMENTATION_COMMENTS = YES;
				CLANG_WARN_EMPTY_BODY = YES;
				CLANG_WARN_ENUM_CONVERSION = YES;
				CLANG_WARN_INFINITE_RECURSION = YES;
				CLANG_WARN_INT_CONVERSION = YES;
				CLANG_WARN_NON_LITERAL_NULL_CONVERSION = YES;
				CLANG_WARN_OBJC_IMPLICIT_RETAIN_SELF = YES;
				CLANG_WARN_OBJC_LITERAL_CONVERSION = YES;
				CLANG_WARN_OBJC_ROOT_CLASS = YES_ERROR;
				CLANG_WARN_RANGE_LOOP_ANALYSIS = YES;
				CLANG_WARN_STRICT_PROTOTYPES = YES;
				CLANG_WARN_SUSPICIOUS_MOVE = YES;
				CLANG_WARN_UNGUARDED_AVAILABILITY = YES_AGGRESSIVE;
				CLANG_WARN_UNREACHABLE_CODE = YES;
				CLANG_WARN__DUPLICATE_METHOD_MATCH = YES;
				CODE_SIGN_IDENTITY = "iPhone Developer";
				COPY_PHASE_STRIP = NO;
				DEBUG_INFORMATION_FORMAT = dwarf;
				ENABLE_STRICT_OBJC_MSGSEND = YES;
				ENABLE_TESTABILITY = YES;
				GCC_C_LANGUAGE_STANDARD = gnu11;
				GCC_DYNAMIC_NO_PIC = NO;
				GCC_NO_COMMON_BLOCKS = YES;
				GCC_OPTIMIZATION_LEVEL = 0;
				GCC_PREPROCESSOR_DEFINITIONS = (
					"DEBUG=1",
					"$(inherited)",
				);
				GCC_WARN_64_TO_32_BIT_CONVERSION = YES;
				GCC_WARN_ABOUT_RETURN_TYPE = YES_ERROR;
				GCC_WARN_UNDECLARED_SELECTOR = YES;
				GCC_WARN_UNINITIALIZED_AUTOS = YES_AGGRESSIVE;
				GCC_WARN_UNUSED_FUNCTION = YES;
				GCC_WARN_UNUSED_VARIABLE = YES;
				IPHONEOS_DEPLOYMENT_TARGET = 11.3;
				MTL_ENABLE_DEBUG_INFO = YES;
				ONLY_ACTIVE_ARCH = YES;
				SDKROOT = iphoneos;
				SWIFT_ACTIVE_COMPILATION_CONDITIONS = DEBUG;
				SWIFT_OPTIMIZATION_LEVEL = "-Onone";
			};
			name = Debug;
		};
		982F9B28209BAB00009BBD8B /* Release */ = {
			isa = XCBuildConfiguration;
			buildSettings = {
				ALWAYS_SEARCH_USER_PATHS = NO;
				CLANG_ANALYZER_NONNULL = YES;
				CLANG_ANALYZER_NUMBER_OBJECT_CONVERSION = YES_AGGRESSIVE;
				CLANG_CXX_LANGUAGE_STANDARD = "gnu++14";
				CLANG_CXX_LIBRARY = "libc++";
				CLANG_ENABLE_MODULES = YES;
				CLANG_ENABLE_OBJC_ARC = YES;
				CLANG_ENABLE_OBJC_WEAK = YES;
				CLANG_WARN_BLOCK_CAPTURE_AUTORELEASING = YES;
				CLANG_WARN_BOOL_CONVERSION = YES;
				CLANG_WARN_COMMA = YES;
				CLANG_WARN_CONSTANT_CONVERSION = YES;
				CLANG_WARN_DEPRECATED_OBJC_IMPLEMENTATIONS = YES;
				CLANG_WARN_DIRECT_OBJC_ISA_USAGE = YES_ERROR;
				CLANG_WARN_DOCUMENTATION_COMMENTS = YES;
				CLANG_WARN_EMPTY_BODY = YES;
				CLANG_WARN_ENUM_CONVERSION = YES;
				CLANG_WARN_INFINITE_RECURSION = YES;
				CLANG_WARN_INT_CONVERSION = YES;
				CLANG_WARN_NON_LITERAL_NULL_CONVERSION = YES;
				CLANG_WARN_OBJC_IMPLICIT_RETAIN_SELF = YES;
				CLANG_WARN_OBJC_LITERAL_CONVERSION = YES;
				CLANG_WARN_OBJC_ROOT_CLASS = YES_ERROR;
				CLANG_WARN_RANGE_LOOP_ANALYSIS = YES;
				CLANG_WARN_STRICT_PROTOTYPES = YES;
				CLANG_WARN_SUSPICIOUS_MOVE = YES;
				CLANG_WARN_UNGUARDED_AVAILABILITY = YES_AGGRESSIVE;
				CLANG_WARN_UNREACHABLE_CODE = YES;
				CLANG_WARN__DUPLICATE_METHOD_MATCH = YES;
				CODE_SIGN_IDENTITY = "iPhone Developer";
				COPY_PHASE_STRIP = NO;
				DEBUG_INFORMATION_FORMAT = "dwarf-with-dsym";
				ENABLE_NS_ASSERTIONS = NO;
				ENABLE_STRICT_OBJC_MSGSEND = YES;
				GCC_C_LANGUAGE_STANDARD = gnu11;
				GCC_NO_COMMON_BLOCKS = YES;
				GCC_WARN_64_TO_32_BIT_CONVERSION = YES;
				GCC_WARN_ABOUT_RETURN_TYPE = YES_ERROR;
				GCC_WARN_UNDECLARED_SELECTOR = YES;
				GCC_WARN_UNINITIALIZED_AUTOS = YES_AGGRESSIVE;
				GCC_WARN_UNUSED_FUNCTION = YES;
				GCC_WARN_UNUSED_VARIABLE = YES;
				IPHONEOS_DEPLOYMENT_TARGET = 11.3;
				MTL_ENABLE_DEBUG_INFO = NO;
				SDKROOT = iphoneos;
				SWIFT_COMPILATION_MODE = wholemodule;
				SWIFT_OPTIMIZATION_LEVEL = "-O";
				VALIDATE_PRODUCT = YES;
			};
			name = Release;
		};
		982F9B2A209BAB00009BBD8B /* Debug */ = {
			isa = XCBuildConfiguration;
			buildSettings = {
				ASSETCATALOG_COMPILER_APPICON_NAME = AppIcon;
				CODE_SIGN_STYLE = Automatic;
				DEVELOPMENT_TEAM = 7S85E2DAW8;
				INFOPLIST_FILE = magic/Info.plist;
				IPHONEOS_DEPLOYMENT_TARGET = 10.0;
				LD_RUNPATH_SEARCH_PATHS = (
					"$(inherited)",
					"@executable_path/Frameworks",
				);
				PRODUCT_BUNDLE_IDENTIFIER = rorysnively.magic;
				PRODUCT_NAME = "$(TARGET_NAME)";
				SWIFT_VERSION = 4.0;
				TARGETED_DEVICE_FAMILY = "1,2";
			};
			name = Debug;
		};
		982F9B2B209BAB00009BBD8B /* Release */ = {
			isa = XCBuildConfiguration;
			buildSettings = {
				ASSETCATALOG_COMPILER_APPICON_NAME = AppIcon;
				CODE_SIGN_STYLE = Automatic;
				DEVELOPMENT_TEAM = 7S85E2DAW8;
				INFOPLIST_FILE = magic/Info.plist;
				IPHONEOS_DEPLOYMENT_TARGET = 10.0;
				LD_RUNPATH_SEARCH_PATHS = (
					"$(inherited)",
					"@executable_path/Frameworks",
				);
				PRODUCT_BUNDLE_IDENTIFIER = rorysnively.magic;
				PRODUCT_NAME = "$(TARGET_NAME)";
				SWIFT_VERSION = 4.0;
				TARGETED_DEVICE_FAMILY = "1,2";
			};
			name = Release;
		};
/* End XCBuildConfiguration section */

/* Begin XCConfigurationList section */
		982F9B0C209BAAFF009BBD8B /* Build configuration list for PBXProject "magic" */ = {
			isa = XCConfigurationList;
			buildConfigurations = (
				982F9B27209BAB00009BBD8B /* Debug */,
				982F9B28209BAB00009BBD8B /* Release */,
			);
			defaultConfigurationIsVisible = 0;
			defaultConfigurationName = Release;
		};
		982F9B29209BAB00009BBD8B /* Build configuration list for PBXNativeTarget "magic" */ = {
			isa = XCConfigurationList;
			buildConfigurations = (
				982F9B2A209BAB00009BBD8B /* Debug */,
				982F9B2B209BAB00009BBD8B /* Release */,
			);
			defaultConfigurationIsVisible = 0;
			defaultConfigurationName = Release;
		};
/* End XCConfigurationList section */
	};
	rootObject = 982F9B09209BAAFF009BBD8B /* Project object */;
}
