// !$*UTF8*$!
{
	archiveVersion = 1;
	classes = {
	};
	objectVersion = 50;
	objects = {

/* Begin PBXBuildFile section */
		9818425220CA03D50068DC91 /* Kaladesh.swift in Sources */ = {isa = PBXBuildFile; fileRef = 9818425120CA03D50068DC91 /* Kaladesh.swift */; };
		9818425420CA07050068DC91 /* ManaCost.swift in Sources */ = {isa = PBXBuildFile; fileRef = 9818425320CA07050068DC91 /* ManaCost.swift */; };
		9818425620CA07580068DC91 /* Mana.swift in Sources */ = {isa = PBXBuildFile; fileRef = 9818425520CA07580068DC91 /* Mana.swift */; };
		9818425820CA0B010068DC91 /* Util.swift in Sources */ = {isa = PBXBuildFile; fileRef = 9818425720CA0B010068DC91 /* Util.swift */; };
		9822329D20EFCFE100B07803 /* m19110full.png in Resources */ = {isa = PBXBuildFile; fileRef = 9822329C20EFCFE100B07803 /* m19110full.png */; };
		9822329F20EFD4FA00B07803 /* m1916full.png in Resources */ = {isa = PBXBuildFile; fileRef = 9822329E20EFD4FA00B07803 /* m1916full.png */; };
		982232A120EFD67900B07803 /* m1940full.png in Resources */ = {isa = PBXBuildFile; fileRef = 982232A020EFD67900B07803 /* m1940full.png */; };
		982232A320EFE51D00B07803 /* m1950full.png in Resources */ = {isa = PBXBuildFile; fileRef = 982232A220EFE51D00B07803 /* m1950full.png */; };
		982232A520EFE64E00B07803 /* m19105full.png in Resources */ = {isa = PBXBuildFile; fileRef = 982232A420EFE64E00B07803 /* m19105full.png */; };
		982232A720EFE6D100B07803 /* m19273full.png in Resources */ = {isa = PBXBuildFile; fileRef = 982232A620EFE6D100B07803 /* m19273full.png */; };
		982232A920EFE70400B07803 /* m19153full.png in Resources */ = {isa = PBXBuildFile; fileRef = 982232A820EFE70400B07803 /* m19153full.png */; };
		982232AB20EFEB3200B07803 /* m19158full.png in Resources */ = {isa = PBXBuildFile; fileRef = 982232AA20EFEB3200B07803 /* m19158full.png */; };
		982F9B15209BAAFF009BBD8B /* AppDelegate.swift in Sources */ = {isa = PBXBuildFile; fileRef = 982F9B14209BAAFF009BBD8B /* AppDelegate.swift */; };
		982F9B1B209BAAFF009BBD8B /* GameScene.swift in Sources */ = {isa = PBXBuildFile; fileRef = 982F9B1A209BAAFF009BBD8B /* GameScene.swift */; };
		982F9B1D209BAAFF009BBD8B /* GameViewController.swift in Sources */ = {isa = PBXBuildFile; fileRef = 982F9B1C209BAAFF009BBD8B /* GameViewController.swift */; };
		982F9B20209BAAFF009BBD8B /* Main.storyboard in Resources */ = {isa = PBXBuildFile; fileRef = 982F9B1E209BAAFF009BBD8B /* Main.storyboard */; };
		982F9B22209BAB00009BBD8B /* Assets.xcassets in Resources */ = {isa = PBXBuildFile; fileRef = 982F9B21209BAB00009BBD8B /* Assets.xcassets */; };
		982F9B25209BAB00009BBD8B /* LaunchScreen.storyboard in Resources */ = {isa = PBXBuildFile; fileRef = 982F9B23209BAB00009BBD8B /* LaunchScreen.storyboard */; };
		982F9B2E209BAC81009BBD8B /* Game.swift in Sources */ = {isa = PBXBuildFile; fileRef = 982F9B2D209BAC81009BBD8B /* Game.swift */; };
		982F9B30209BACC7009BBD8B /* Player.swift in Sources */ = {isa = PBXBuildFile; fileRef = 982F9B2F209BACC7009BBD8B /* Player.swift */; };
		982F9B32209BAD33009BBD8B /* Card.swift in Sources */ = {isa = PBXBuildFile; fileRef = 982F9B31209BAD33009BBD8B /* Card.swift */; };
		982F9B35209BBFE9009BBD8B /* PlayerHandNode.swift in Sources */ = {isa = PBXBuildFile; fileRef = 982F9B34209BBFE9009BBD8B /* PlayerHandNode.swift */; };
		982F9B37209BC14B009BBD8B /* CardNode.swift in Sources */ = {isa = PBXBuildFile; fileRef = 982F9B36209BC14B009BBD8B /* CardNode.swift */; };
		9840897E20CAF562005DA8F6 /* Rarity.swift in Sources */ = {isa = PBXBuildFile; fileRef = 9840897D20CAF562005DA8F6 /* Rarity.swift */; };
		9840898020CAFE8C005DA8F6 /* SpellStack.swift in Sources */ = {isa = PBXBuildFile; fileRef = 9840897F20CAFE8C005DA8F6 /* SpellStack.swift */; };
		9840898220CAFF27005DA8F6 /* Stack.swift in Sources */ = {isa = PBXBuildFile; fileRef = 9840898120CAFF27005DA8F6 /* Stack.swift */; };
		98423C3320EED3E90053B729 /* TargetedEffect.swift in Sources */ = {isa = PBXBuildFile; fileRef = 98423C3220EED3E90053B729 /* TargetedEffect.swift */; };
		98423C3520EED8260053B729 /* UntargetedEffect.swift in Sources */ = {isa = PBXBuildFile; fileRef = 98423C3420EED8260053B729 /* UntargetedEffect.swift */; };
		985E0F8120A25B04006759B3 /* Geometry.swift in Sources */ = {isa = PBXBuildFile; fileRef = 985E0F8020A25B04006759B3 /* Geometry.swift */; };
		985E0F8320A26339006759B3 /* BasicLand.swift in Sources */ = {isa = PBXBuildFile; fileRef = 985E0F8220A26339006759B3 /* BasicLand.swift */; };
		985E0F8520A26384006759B3 /* Type.swift in Sources */ = {isa = PBXBuildFile; fileRef = 985E0F8420A26384006759B3 /* Type.swift */; };
		985E0F8920A27852006759B3 /* LandsNode.swift in Sources */ = {isa = PBXBuildFile; fileRef = 985E0F8820A27852006759B3 /* LandsNode.swift */; };
		9862984520D844A100CE8E10 /* Alpha.swift in Sources */ = {isa = PBXBuildFile; fileRef = 9862984420D844A100CE8E10 /* Alpha.swift */; };
		9868005C20E5401400E6E730 /* m19261full.png in Resources */ = {isa = PBXBuildFile; fileRef = 9868005B20E5401400E6E730 /* m19261full.png */; };
		9868005E20E5408500E6E730 /* m19277full.png in Resources */ = {isa = PBXBuildFile; fileRef = 9868005D20E5408500E6E730 /* m19277full.png */; };
		9868006020E5419B00E6E730 /* m19171full.png in Resources */ = {isa = PBXBuildFile; fileRef = 9868005F20E5419B00E6E730 /* m19171full.png */; };
		9868006220E541A100E6E730 /* m19185full.png in Resources */ = {isa = PBXBuildFile; fileRef = 9868006120E541A100E6E730 /* m19185full.png */; };
		986D5C8820D1B853005E944E /* Magic2019.swift in Sources */ = {isa = PBXBuildFile; fileRef = 986D5C8720D1B853005E944E /* Magic2019.swift */; };
		986D5C8A20D1BF55005E944E /* HandCardNode.swift in Sources */ = {isa = PBXBuildFile; fileRef = 986D5C8920D1BF55005E944E /* HandCardNode.swift */; };
		986D5C8C20D1C0E2005E944E /* LandsCardNode.swift in Sources */ = {isa = PBXBuildFile; fileRef = 986D5C8B20D1C0E2005E944E /* LandsCardNode.swift */; };
		986D5C9020D1CDB6005E944E /* ManaPoolNode.swift in Sources */ = {isa = PBXBuildFile; fileRef = 986D5C8F20D1CDB6005E944E /* ManaPoolNode.swift */; };
		986D5C9420D1E60B005E944E /* ManaPool.swift in Sources */ = {isa = PBXBuildFile; fileRef = 986D5C9320D1E60B005E944E /* ManaPool.swift */; };
		986D5C9620D1ECC5005E944E /* CreaturesNode.swift in Sources */ = {isa = PBXBuildFile; fileRef = 986D5C9520D1ECC5005E944E /* CreaturesNode.swift */; };
		986D5C9820D1ECFA005E944E /* CreaturesCardNode.swift in Sources */ = {isa = PBXBuildFile; fileRef = 986D5C9720D1ECFA005E944E /* CreaturesCardNode.swift */; };
		986D5C9A20D1F4FE005E944E /* StackNode.swift in Sources */ = {isa = PBXBuildFile; fileRef = 986D5C9920D1F4FE005E944E /* StackNode.swift */; };
		986D5C9C20D1F656005E944E /* StackObjectNode.swift in Sources */ = {isa = PBXBuildFile; fileRef = 986D5C9B20D1F656005E944E /* StackObjectNode.swift */; };
		986D5C9E20D1FE8C005E944E /* CommandButtonsNode.swift in Sources */ = {isa = PBXBuildFile; fileRef = 986D5C9D20D1FE8C005E944E /* CommandButtonsNode.swift */; };
		986EAA5A20A10F0300F3CCDC /* Color.swift in Sources */ = {isa = PBXBuildFile; fileRef = 986EAA5920A10F0300F3CCDC /* Color.swift */; };
		986EAA5C20A1110000F3CCDC /* Object.swift in Sources */ = {isa = PBXBuildFile; fileRef = 986EAA5B20A1110000F3CCDC /* Object.swift */; };
		98D0438820EE86920009143E /* m19100full.png in Resources */ = {isa = PBXBuildFile; fileRef = 98D0438720EE86920009143E /* m19100full.png */; };
		98D0438A20EE87070009143E /* m19269full.png in Resources */ = {isa = PBXBuildFile; fileRef = 98D0438920EE87070009143E /* m19269full.png */; };
		98D0438D20EE87B60009143E /* Opponent.swift in Sources */ = {isa = PBXBuildFile; fileRef = 98D0438C20EE87B60009143E /* Opponent.swift */; };
		98DFD47120D9D5C300B2EEA1 /* LifeNode.swift in Sources */ = {isa = PBXBuildFile; fileRef = 98DFD47020D9D5C300B2EEA1 /* LifeNode.swift */; };
		98E549A520D88CA200D64482 /* Phase.swift in Sources */ = {isa = PBXBuildFile; fileRef = 98E549A420D88CA200D64482 /* Phase.swift */; };
		98E8A04E20EAF49900A951DA /* m19187full.png in Resources */ = {isa = PBXBuildFile; fileRef = 98E8A04C20EAF49800A951DA /* m19187full.png */; };
		98E8A04F20EAF49900A951DA /* m19206full.png in Resources */ = {isa = PBXBuildFile; fileRef = 98E8A04D20EAF49900A951DA /* m19206full.png */; };
		98E8A05120EAF79100A951DA /* Effect.swift in Sources */ = {isa = PBXBuildFile; fileRef = 98E8A05020EAF79100A951DA /* Effect.swift */; };
		98E8A05520EAFBF200A951DA /* m19265full.png in Resources */ = {isa = PBXBuildFile; fileRef = 98E8A05220EAFBF100A951DA /* m19265full.png */; };
		98E8A05620EAFBF200A951DA /* m1951full.png in Resources */ = {isa = PBXBuildFile; fileRef = 98E8A05320EAFBF100A951DA /* m1951full.png */; };
		98E8A05720EAFBF200A951DA /* m1980full.png in Resources */ = {isa = PBXBuildFile; fileRef = 98E8A05420EAFBF200A951DA /* m1980full.png */; };
		98E8A05920EAFFB000A951DA /* m1931full.png in Resources */ = {isa = PBXBuildFile; fileRef = 98E8A05820EAFFB000A951DA /* m1931full.png */; };
		98E8A05B20EAFFBB00A951DA /* m1935full.png in Resources */ = {isa = PBXBuildFile; fileRef = 98E8A05A20EAFFBB00A951DA /* m1935full.png */; };
		98E8A05D20EAFFD000A951DA /* m19234full.png in Resources */ = {isa = PBXBuildFile; fileRef = 98E8A05C20EAFFD000A951DA /* m19234full.png */; };
		98E8A05F20EB01A600A951DA /* m1966full.png in Resources */ = {isa = PBXBuildFile; fileRef = 98E8A05E20EB01A600A951DA /* m1966full.png */; };
		98FA8E572156B52400EF5203 /* GuildsOfRavnica.swift in Sources */ = {isa = PBXBuildFile; fileRef = 98FA8E562156B52400EF5203 /* GuildsOfRavnica.swift */; };
		98FA8E5A2156B86B00EF5203 /* grn4full.png in Resources */ = {isa = PBXBuildFile; fileRef = 98FA8E592156B86B00EF5203 /* grn4full.png */; };
		98FA8E5C2156B9D600EF5203 /* grn5full.png in Resources */ = {isa = PBXBuildFile; fileRef = 98FA8E5B2156B9D600EF5203 /* grn5full.png */; };
/* End PBXBuildFile section */

/* Begin PBXFileReference section */
		9818425120CA03D50068DC91 /* Kaladesh.swift */ = {isa = PBXFileReference; lastKnownFileType = sourcecode.swift; path = Kaladesh.swift; sourceTree = "<group>"; };
		9818425320CA07050068DC91 /* ManaCost.swift */ = {isa = PBXFileReference; lastKnownFileType = sourcecode.swift; path = ManaCost.swift; sourceTree = "<group>"; };
		9818425520CA07580068DC91 /* Mana.swift */ = {isa = PBXFileReference; lastKnownFileType = sourcecode.swift; path = Mana.swift; sourceTree = "<group>"; };
		9818425720CA0B010068DC91 /* Util.swift */ = {isa = PBXFileReference; lastKnownFileType = sourcecode.swift; path = Util.swift; sourceTree = "<group>"; };
		9822329C20EFCFE100B07803 /* m19110full.png */ = {isa = PBXFileReference; lastKnownFileType = image.png; path = m19110full.png; sourceTree = "<group>"; };
		9822329E20EFD4FA00B07803 /* m1916full.png */ = {isa = PBXFileReference; lastKnownFileType = image.png; path = m1916full.png; sourceTree = "<group>"; };
		982232A020EFD67900B07803 /* m1940full.png */ = {isa = PBXFileReference; lastKnownFileType = image.png; path = m1940full.png; sourceTree = "<group>"; };
		982232A220EFE51D00B07803 /* m1950full.png */ = {isa = PBXFileReference; lastKnownFileType = image.png; path = m1950full.png; sourceTree = "<group>"; };
		982232A420EFE64E00B07803 /* m19105full.png */ = {isa = PBXFileReference; lastKnownFileType = image.png; path = m19105full.png; sourceTree = "<group>"; };
		982232A620EFE6D100B07803 /* m19273full.png */ = {isa = PBXFileReference; lastKnownFileType = image.png; path = m19273full.png; sourceTree = "<group>"; };
		982232A820EFE70400B07803 /* m19153full.png */ = {isa = PBXFileReference; lastKnownFileType = image.png; path = m19153full.png; sourceTree = "<group>"; };
		982232AA20EFEB3200B07803 /* m19158full.png */ = {isa = PBXFileReference; lastKnownFileType = image.png; path = m19158full.png; sourceTree = "<group>"; };
		982F9B11209BAAFF009BBD8B /* magic.app */ = {isa = PBXFileReference; explicitFileType = wrapper.application; includeInIndex = 0; path = magic.app; sourceTree = BUILT_PRODUCTS_DIR; };
		982F9B14209BAAFF009BBD8B /* AppDelegate.swift */ = {isa = PBXFileReference; lastKnownFileType = sourcecode.swift; path = AppDelegate.swift; sourceTree = "<group>"; };
		982F9B1A209BAAFF009BBD8B /* GameScene.swift */ = {isa = PBXFileReference; lastKnownFileType = sourcecode.swift; path = GameScene.swift; sourceTree = "<group>"; };
		982F9B1C209BAAFF009BBD8B /* GameViewController.swift */ = {isa = PBXFileReference; lastKnownFileType = sourcecode.swift; path = GameViewController.swift; sourceTree = "<group>"; };
		982F9B1F209BAAFF009BBD8B /* Base */ = {isa = PBXFileReference; lastKnownFileType = file.storyboard; name = Base; path = Base.lproj/Main.storyboard; sourceTree = "<group>"; };
		982F9B21209BAB00009BBD8B /* Assets.xcassets */ = {isa = PBXFileReference; lastKnownFileType = folder.assetcatalog; path = Assets.xcassets; sourceTree = "<group>"; };
		982F9B24209BAB00009BBD8B /* Base */ = {isa = PBXFileReference; lastKnownFileType = file.storyboard; name = Base; path = Base.lproj/LaunchScreen.storyboard; sourceTree = "<group>"; };
		982F9B26209BAB00009BBD8B /* Info.plist */ = {isa = PBXFileReference; lastKnownFileType = text.plist.xml; path = Info.plist; sourceTree = "<group>"; };
		982F9B2D209BAC81009BBD8B /* Game.swift */ = {isa = PBXFileReference; lastKnownFileType = sourcecode.swift; path = Game.swift; sourceTree = "<group>"; };
		982F9B2F209BACC7009BBD8B /* Player.swift */ = {isa = PBXFileReference; lastKnownFileType = sourcecode.swift; path = Player.swift; sourceTree = "<group>"; };
		982F9B31209BAD33009BBD8B /* Card.swift */ = {isa = PBXFileReference; lastKnownFileType = sourcecode.swift; path = Card.swift; sourceTree = "<group>"; };
		982F9B34209BBFE9009BBD8B /* PlayerHandNode.swift */ = {isa = PBXFileReference; lastKnownFileType = sourcecode.swift; path = PlayerHandNode.swift; sourceTree = "<group>"; };
		982F9B36209BC14B009BBD8B /* CardNode.swift */ = {isa = PBXFileReference; lastKnownFileType = sourcecode.swift; path = CardNode.swift; sourceTree = "<group>"; };
		9840897D20CAF562005DA8F6 /* Rarity.swift */ = {isa = PBXFileReference; lastKnownFileType = sourcecode.swift; path = Rarity.swift; sourceTree = "<group>"; };
		9840897F20CAFE8C005DA8F6 /* SpellStack.swift */ = {isa = PBXFileReference; lastKnownFileType = sourcecode.swift; path = SpellStack.swift; sourceTree = "<group>"; };
		9840898120CAFF27005DA8F6 /* Stack.swift */ = {isa = PBXFileReference; lastKnownFileType = sourcecode.swift; path = Stack.swift; sourceTree = "<group>"; };
		98423C3220EED3E90053B729 /* TargetedEffect.swift */ = {isa = PBXFileReference; lastKnownFileType = sourcecode.swift; path = TargetedEffect.swift; sourceTree = "<group>"; };
		98423C3420EED8260053B729 /* UntargetedEffect.swift */ = {isa = PBXFileReference; lastKnownFileType = sourcecode.swift; path = UntargetedEffect.swift; sourceTree = "<group>"; };
		985E0F8020A25B04006759B3 /* Geometry.swift */ = {isa = PBXFileReference; lastKnownFileType = sourcecode.swift; path = Geometry.swift; sourceTree = "<group>"; };
		985E0F8220A26339006759B3 /* BasicLand.swift */ = {isa = PBXFileReference; lastKnownFileType = sourcecode.swift; path = BasicLand.swift; sourceTree = "<group>"; };
		985E0F8420A26384006759B3 /* Type.swift */ = {isa = PBXFileReference; lastKnownFileType = sourcecode.swift; path = Type.swift; sourceTree = "<group>"; };
		985E0F8820A27852006759B3 /* LandsNode.swift */ = {isa = PBXFileReference; lastKnownFileType = sourcecode.swift; path = LandsNode.swift; sourceTree = "<group>"; };
		9862984420D844A100CE8E10 /* Alpha.swift */ = {isa = PBXFileReference; lastKnownFileType = sourcecode.swift; path = Alpha.swift; sourceTree = "<group>"; };
		9868005B20E5401400E6E730 /* m19261full.png */ = {isa = PBXFileReference; lastKnownFileType = image.png; path = m19261full.png; sourceTree = "<group>"; };
		9868005D20E5408500E6E730 /* m19277full.png */ = {isa = PBXFileReference; lastKnownFileType = image.png; path = m19277full.png; sourceTree = "<group>"; };
		9868005F20E5419B00E6E730 /* m19171full.png */ = {isa = PBXFileReference; lastKnownFileType = image.png; path = m19171full.png; sourceTree = "<group>"; };
		9868006120E541A100E6E730 /* m19185full.png */ = {isa = PBXFileReference; lastKnownFileType = image.png; path = m19185full.png; sourceTree = "<group>"; };
		986D5C8720D1B853005E944E /* Magic2019.swift */ = {isa = PBXFileReference; lastKnownFileType = sourcecode.swift; path = Magic2019.swift; sourceTree = "<group>"; };
		986D5C8920D1BF55005E944E /* HandCardNode.swift */ = {isa = PBXFileReference; lastKnownFileType = sourcecode.swift; path = HandCardNode.swift; sourceTree = "<group>"; };
		986D5C8B20D1C0E2005E944E /* LandsCardNode.swift */ = {isa = PBXFileReference; lastKnownFileType = sourcecode.swift; path = LandsCardNode.swift; sourceTree = "<group>"; };
		986D5C8F20D1CDB6005E944E /* ManaPoolNode.swift */ = {isa = PBXFileReference; lastKnownFileType = sourcecode.swift; path = ManaPoolNode.swift; sourceTree = "<group>"; };
		986D5C9320D1E60B005E944E /* ManaPool.swift */ = {isa = PBXFileReference; lastKnownFileType = sourcecode.swift; path = ManaPool.swift; sourceTree = "<group>"; };
		986D5C9520D1ECC5005E944E /* CreaturesNode.swift */ = {isa = PBXFileReference; lastKnownFileType = sourcecode.swift; path = CreaturesNode.swift; sourceTree = "<group>"; };
		986D5C9720D1ECFA005E944E /* CreaturesCardNode.swift */ = {isa = PBXFileReference; lastKnownFileType = sourcecode.swift; path = CreaturesCardNode.swift; sourceTree = "<group>"; };
		986D5C9920D1F4FE005E944E /* StackNode.swift */ = {isa = PBXFileReference; lastKnownFileType = sourcecode.swift; path = StackNode.swift; sourceTree = "<group>"; };
		986D5C9B20D1F656005E944E /* StackObjectNode.swift */ = {isa = PBXFileReference; lastKnownFileType = sourcecode.swift; path = StackObjectNode.swift; sourceTree = "<group>"; };
		986D5C9D20D1FE8C005E944E /* CommandButtonsNode.swift */ = {isa = PBXFileReference; lastKnownFileType = sourcecode.swift; path = CommandButtonsNode.swift; sourceTree = "<group>"; };
		986EAA5920A10F0300F3CCDC /* Color.swift */ = {isa = PBXFileReference; lastKnownFileType = sourcecode.swift; path = Color.swift; sourceTree = "<group>"; };
		986EAA5B20A1110000F3CCDC /* Object.swift */ = {isa = PBXFileReference; lastKnownFileType = sourcecode.swift; path = Object.swift; sourceTree = "<group>"; };
		98D0438720EE86920009143E /* m19100full.png */ = {isa = PBXFileReference; lastKnownFileType = image.png; path = m19100full.png; sourceTree = "<group>"; };
		98D0438920EE87070009143E /* m19269full.png */ = {isa = PBXFileReference; lastKnownFileType = image.png; path = m19269full.png; sourceTree = "<group>"; };
		98D0438C20EE87B60009143E /* Opponent.swift */ = {isa = PBXFileReference; lastKnownFileType = sourcecode.swift; path = Opponent.swift; sourceTree = "<group>"; };
		98DFD47020D9D5C300B2EEA1 /* LifeNode.swift */ = {isa = PBXFileReference; lastKnownFileType = sourcecode.swift; path = LifeNode.swift; sourceTree = "<group>"; };
		98E549A420D88CA200D64482 /* Phase.swift */ = {isa = PBXFileReference; lastKnownFileType = sourcecode.swift; path = Phase.swift; sourceTree = "<group>"; };
		98E8A04C20EAF49800A951DA /* m19187full.png */ = {isa = PBXFileReference; lastKnownFileType = image.png; path = m19187full.png; sourceTree = "<group>"; };
		98E8A04D20EAF49900A951DA /* m19206full.png */ = {isa = PBXFileReference; lastKnownFileType = image.png; path = m19206full.png; sourceTree = "<group>"; };
		98E8A05020EAF79100A951DA /* Effect.swift */ = {isa = PBXFileReference; lastKnownFileType = sourcecode.swift; path = Effect.swift; sourceTree = "<group>"; };
		98E8A05220EAFBF100A951DA /* m19265full.png */ = {isa = PBXFileReference; lastKnownFileType = image.png; path = m19265full.png; sourceTree = "<group>"; };
		98E8A05320EAFBF100A951DA /* m1951full.png */ = {isa = PBXFileReference; lastKnownFileType = image.png; path = m1951full.png; sourceTree = "<group>"; };
		98E8A05420EAFBF200A951DA /* m1980full.png */ = {isa = PBXFileReference; lastKnownFileType = image.png; path = m1980full.png; sourceTree = "<group>"; };
		98E8A05820EAFFB000A951DA /* m1931full.png */ = {isa = PBXFileReference; lastKnownFileType = image.png; path = m1931full.png; sourceTree = "<group>"; };
		98E8A05A20EAFFBB00A951DA /* m1935full.png */ = {isa = PBXFileReference; lastKnownFileType = image.png; path = m1935full.png; sourceTree = "<group>"; };
		98E8A05C20EAFFD000A951DA /* m19234full.png */ = {isa = PBXFileReference; lastKnownFileType = image.png; path = m19234full.png; sourceTree = "<group>"; };
		98E8A05E20EB01A600A951DA /* m1966full.png */ = {isa = PBXFileReference; lastKnownFileType = image.png; path = m1966full.png; sourceTree = "<group>"; };
		98FA8E562156B52400EF5203 /* GuildsOfRavnica.swift */ = {isa = PBXFileReference; lastKnownFileType = sourcecode.swift; path = GuildsOfRavnica.swift; sourceTree = "<group>"; };
		98FA8E592156B86B00EF5203 /* grn4full.png */ = {isa = PBXFileReference; lastKnownFileType = image.png; path = grn4full.png; sourceTree = "<group>"; };
		98FA8E5B2156B9D600EF5203 /* grn5full.png */ = {isa = PBXFileReference; lastKnownFileType = image.png; path = grn5full.png; sourceTree = "<group>"; };
/* End PBXFileReference section */

/* Begin PBXFrameworksBuildPhase section */
		982F9B0E209BAAFF009BBD8B /* Frameworks */ = {
			isa = PBXFrameworksBuildPhase;
			buildActionMask = 2147483647;
			files = (
			);
			runOnlyForDeploymentPostprocessing = 0;
		};
/* End PBXFrameworksBuildPhase section */

/* Begin PBXGroup section */
		9818425020CA03C40068DC91 /* cards */ = {
			isa = PBXGroup;
			children = (
				9862984420D844A100CE8E10 /* Alpha.swift */,
				9818425120CA03D50068DC91 /* Kaladesh.swift */,
				986D5C8720D1B853005E944E /* Magic2019.swift */,
				98FA8E562156B52400EF5203 /* GuildsOfRavnica.swift */,
			);
			path = cards;
			sourceTree = "<group>";
		};
		982F9B08209BAAFF009BBD8B = {
			isa = PBXGroup;
			children = (
				982F9B13209BAAFF009BBD8B /* magic */,
				982F9B12209BAAFF009BBD8B /* Products */,
			);
			sourceTree = "<group>";
		};
		982F9B12209BAAFF009BBD8B /* Products */ = {
			isa = PBXGroup;
			children = (
				982F9B11209BAAFF009BBD8B /* magic.app */,
			);
			name = Products;
			sourceTree = "<group>";
		};
		982F9B13209BAAFF009BBD8B /* magic */ = {
			isa = PBXGroup;
			children = (
				98D0438B20EE87AD0009143E /* ai */,
				9818425020CA03C40068DC91 /* cards */,
				985E0F7F20A25AEB006759B3 /* util */,
				982F9B33209BBFE0009BBD8B /* nodes */,
				982F9B2C209BAC79009BBD8B /* model */,
				982F9B14209BAAFF009BBD8B /* AppDelegate.swift */,
				982F9B1A209BAAFF009BBD8B /* GameScene.swift */,
				982F9B1C209BAAFF009BBD8B /* GameViewController.swift */,
				982F9B1E209BAAFF009BBD8B /* Main.storyboard */,
				982F9B21209BAB00009BBD8B /* Assets.xcassets */,
				982F9B23209BAB00009BBD8B /* LaunchScreen.storyboard */,
				982F9B26209BAB00009BBD8B /* Info.plist */,
				98DFD47220D9DC6C00B2EEA1 /* res */,
			);
			path = magic;
			sourceTree = "<group>";
		};
		982F9B2C209BAC79009BBD8B /* model */ = {
			isa = PBXGroup;
			children = (
				985E0F8220A26339006759B3 /* BasicLand.swift */,
				982F9B31209BAD33009BBD8B /* Card.swift */,
				986EAA5920A10F0300F3CCDC /* Color.swift */,
				98E8A05020EAF79100A951DA /* Effect.swift */,
				982F9B2D209BAC81009BBD8B /* Game.swift */,
				9818425520CA07580068DC91 /* Mana.swift */,
				9818425320CA07050068DC91 /* ManaCost.swift */,
				986D5C9320D1E60B005E944E /* ManaPool.swift */,
				986EAA5B20A1110000F3CCDC /* Object.swift */,
				98E549A420D88CA200D64482 /* Phase.swift */,
				982F9B2F209BACC7009BBD8B /* Player.swift */,
				9840897D20CAF562005DA8F6 /* Rarity.swift */,
				9840897F20CAFE8C005DA8F6 /* SpellStack.swift */,
				985E0F8420A26384006759B3 /* Type.swift */,
				98423C3220EED3E90053B729 /* TargetedEffect.swift */,
				98423C3420EED8260053B729 /* UntargetedEffect.swift */,
			);
			path = model;
			sourceTree = "<group>";
		};
		982F9B33209BBFE0009BBD8B /* nodes */ = {
			isa = PBXGroup;
			children = (
				982F9B36209BC14B009BBD8B /* CardNode.swift */,
				986D5C9D20D1FE8C005E944E /* CommandButtonsNode.swift */,
				986D5C9520D1ECC5005E944E /* CreaturesNode.swift */,
				986D5C9720D1ECFA005E944E /* CreaturesCardNode.swift */,
				986D5C8920D1BF55005E944E /* HandCardNode.swift */,
				985E0F8820A27852006759B3 /* LandsNode.swift */,
				986D5C8B20D1C0E2005E944E /* LandsCardNode.swift */,
				98DFD47020D9D5C300B2EEA1 /* LifeNode.swift */,
				986D5C8F20D1CDB6005E944E /* ManaPoolNode.swift */,
				982F9B34209BBFE9009BBD8B /* PlayerHandNode.swift */,
				986D5C9920D1F4FE005E944E /* StackNode.swift */,
				986D5C9B20D1F656005E944E /* StackObjectNode.swift */,
			);
			path = nodes;
			sourceTree = "<group>";
		};
		985E0F7F20A25AEB006759B3 /* util */ = {
			isa = PBXGroup;
			children = (
				985E0F8020A25B04006759B3 /* Geometry.swift */,
				9840898120CAFF27005DA8F6 /* Stack.swift */,
				9818425720CA0B010068DC91 /* Util.swift */,
			);
			path = util;
			sourceTree = "<group>";
		};
		98D0438B20EE87AD0009143E /* ai */ = {
			isa = PBXGroup;
			children = (
				98D0438C20EE87B60009143E /* Opponent.swift */,
			);
			path = ai;
			sourceTree = "<group>";
		};
		98DFD47220D9DC6C00B2EEA1 /* res */ = {
			isa = PBXGroup;
			children = (
				98DFD47320D9DC8C00B2EEA1 /* card */,
			);
			path = res;
			sourceTree = "<group>";
		};
		98DFD47320D9DC8C00B2EEA1 /* card */ = {
			isa = PBXGroup;
			children = (
				98FA8E582156B85700EF5203 /* grn */,
				98DFD47420D9DC9700B2EEA1 /* m19 */,
			);
			path = card;
			sourceTree = "<group>";
		};
		98DFD47420D9DC9700B2EEA1 /* m19 */ = {
			isa = PBXGroup;
			children = (
				9822329E20EFD4FA00B07803 /* m1916full.png */,
				98E8A05820EAFFB000A951DA /* m1931full.png */,
				98E8A05A20EAFFBB00A951DA /* m1935full.png */,
				982232A020EFD67900B07803 /* m1940full.png */,
				982232A220EFE51D00B07803 /* m1950full.png */,
				98E8A05320EAFBF100A951DA /* m1951full.png */,
				98E8A05E20EB01A600A951DA /* m1966full.png */,
				98E8A05420EAFBF200A951DA /* m1980full.png */,
				98D0438720EE86920009143E /* m19100full.png */,
				982232A420EFE64E00B07803 /* m19105full.png */,
				9822329C20EFCFE100B07803 /* m19110full.png */,
				982232A820EFE70400B07803 /* m19153full.png */,
				982232AA20EFEB3200B07803 /* m19158full.png */,
				9868005F20E5419B00E6E730 /* m19171full.png */,
				9868006120E541A100E6E730 /* m19185full.png */,
				98E8A04C20EAF49800A951DA /* m19187full.png */,
				98E8A04D20EAF49900A951DA /* m19206full.png */,
				98E8A05C20EAFFD000A951DA /* m19234full.png */,
				9868005B20E5401400E6E730 /* m19261full.png */,
				98E8A05220EAFBF100A951DA /* m19265full.png */,
				98D0438920EE87070009143E /* m19269full.png */,
				982232A620EFE6D100B07803 /* m19273full.png */,
				9868005D20E5408500E6E730 /* m19277full.png */,
			);
			path = m19;
			sourceTree = "<group>";
		};
		98FA8E582156B85700EF5203 /* grn */ = {
			isa = PBXGroup;
			children = (
				98FA8E592156B86B00EF5203 /* grn4full.png */,
				98FA8E5B2156B9D600EF5203 /* grn5full.png */,
			);
			path = grn;
			sourceTree = "<group>";
		};
/* End PBXGroup section */

/* Begin PBXNativeTarget section */
		982F9B10209BAAFF009BBD8B /* magic */ = {
			isa = PBXNativeTarget;
			buildConfigurationList = 982F9B29209BAB00009BBD8B /* Build configuration list for PBXNativeTarget "magic" */;
			buildPhases = (
				982F9B0D209BAAFF009BBD8B /* Sources */,
				982F9B0E209BAAFF009BBD8B /* Frameworks */,
				982F9B0F209BAAFF009BBD8B /* Resources */,
			);
			buildRules = (
			);
			dependencies = (
			);
			name = magic;
			productName = magic;
			productReference = 982F9B11209BAAFF009BBD8B /* magic.app */;
			productType = "com.apple.product-type.application";
		};
/* End PBXNativeTarget section */

/* Begin PBXProject section */
		982F9B09209BAAFF009BBD8B /* Project object */ = {
			isa = PBXProject;
			attributes = {
				LastSwiftUpdateCheck = 0930;
				LastUpgradeCheck = 0930;
				ORGANIZATIONNAME = "Rory Snively";
				TargetAttributes = {
					982F9B10209BAAFF009BBD8B = {
						CreatedOnToolsVersion = 9.3;
					};
				};
			};
			buildConfigurationList = 982F9B0C209BAAFF009BBD8B /* Build configuration list for PBXProject "magic" */;
			compatibilityVersion = "Xcode 9.3";
			developmentRegion = en;
			hasScannedForEncodings = 0;
			knownRegions = (
				en,
				Base,
			);
			mainGroup = 982F9B08209BAAFF009BBD8B;
			productRefGroup = 982F9B12209BAAFF009BBD8B /* Products */;
			projectDirPath = "";
			projectRoot = "";
			targets = (
				982F9B10209BAAFF009BBD8B /* magic */,
			);
		};
/* End PBXProject section */

/* Begin PBXResourcesBuildPhase section */
		982F9B0F209BAAFF009BBD8B /* Resources */ = {
			isa = PBXResourcesBuildPhase;
			buildActionMask = 2147483647;
			files = (
				9868005C20E5401400E6E730 /* m19261full.png in Resources */,
				982232AB20EFEB3200B07803 /* m19158full.png in Resources */,
				9868006220E541A100E6E730 /* m19185full.png in Resources */,
				98D0438A20EE87070009143E /* m19269full.png in Resources */,
				98E8A05B20EAFFBB00A951DA /* m1935full.png in Resources */,
				9822329D20EFCFE100B07803 /* m19110full.png in Resources */,
				98E8A05920EAFFB000A951DA /* m1931full.png in Resources */,
				982232A920EFE70400B07803 /* m19153full.png in Resources */,
				982232A520EFE64E00B07803 /* m19105full.png in Resources */,
				982232A720EFE6D100B07803 /* m19273full.png in Resources */,
				98E8A05D20EAFFD000A951DA /* m19234full.png in Resources */,
				982F9B20209BAAFF009BBD8B /* Main.storyboard in Resources */,
				98FA8E5A2156B86B00EF5203 /* grn4full.png in Resources */,
				98E8A05F20EB01A600A951DA /* m1966full.png in Resources */,
				98FA8E5C2156B9D600EF5203 /* grn5full.png in Resources */,
				982232A320EFE51D00B07803 /* m1950full.png in Resources */,
				98D0438820EE86920009143E /* m19100full.png in Resources */,
				98E8A04E20EAF49900A951DA /* m19187full.png in Resources */,
				98E8A05520EAFBF200A951DA /* m19265full.png in Resources */,
				982232A120EFD67900B07803 /* m1940full.png in Resources */,
				982F9B22209BAB00009BBD8B /* Assets.xcassets in Resources */,
				98E8A04F20EAF49900A951DA /* m19206full.png in Resources */,
				98E8A05720EAFBF200A951DA /* m1980full.png in Resources */,
				982F9B25209BAB00009BBD8B /* LaunchScreen.storyboard in Resources */,
				9868006020E5419B00E6E730 /* m19171full.png in Resources */,
				9822329F20EFD4FA00B07803 /* m1916full.png in Resources */,
				98E8A05620EAFBF200A951DA /* m1951full.png in Resources */,
				9868005E20E5408500E6E730 /* m19277full.png in Resources */,
			);
			runOnlyForDeploymentPostprocessing = 0;
		};
/* End PBXResourcesBuildPhase section */

/* Begin PBXSourcesBuildPhase section */
		982F9B0D209BAAFF009BBD8B /* Sources */ = {
			isa = PBXSourcesBuildPhase;
			buildActionMask = 2147483647;
			files = (
				986D5C8C20D1C0E2005E944E /* LandsCardNode.swift in Sources */,
				986D5C9E20D1FE8C005E944E /* CommandButtonsNode.swift in Sources */,
				986EAA5C20A1110000F3CCDC /* Object.swift in Sources */,
				9818425820CA0B010068DC91 /* Util.swift in Sources */,
				986D5C9C20D1F656005E944E /* StackObjectNode.swift in Sources */,
				982F9B1B209BAAFF009BBD8B /* GameScene.swift in Sources */,
				982F9B37209BC14B009BBD8B /* CardNode.swift in Sources */,
				98423C3520EED8260053B729 /* UntargetedEffect.swift in Sources */,
				985E0F8320A26339006759B3 /* BasicLand.swift in Sources */,
				985E0F8120A25B04006759B3 /* Geometry.swift in Sources */,
				9818425620CA07580068DC91 /* Mana.swift in Sources */,
				986D5C9420D1E60B005E944E /* ManaPool.swift in Sources */,
				98DFD47120D9D5C300B2EEA1 /* LifeNode.swift in Sources */,
				982F9B35209BBFE9009BBD8B /* PlayerHandNode.swift in Sources */,
				9862984520D844A100CE8E10 /* Alpha.swift in Sources */,
				98423C3320EED3E90053B729 /* TargetedEffect.swift in Sources */,
				9818425220CA03D50068DC91 /* Kaladesh.swift in Sources */,
				98E8A05120EAF79100A951DA /* Effect.swift in Sources */,
				982F9B32209BAD33009BBD8B /* Card.swift in Sources */,
				982F9B2E209BAC81009BBD8B /* Game.swift in Sources */,
				986D5C9A20D1F4FE005E944E /* StackNode.swift in Sources */,
				98FA8E572156B52400EF5203 /* GuildsOfRavnica.swift in Sources */,
				985E0F8920A27852006759B3 /* LandsNode.swift in Sources */,
				982F9B1D209BAAFF009BBD8B /* GameViewController.swift in Sources */,
				9840898020CAFE8C005DA8F6 /* SpellStack.swift in Sources */,
				98E549A520D88CA200D64482 /* Phase.swift in Sources */,
				986D5C9620D1ECC5005E944E /* CreaturesNode.swift in Sources */,
				982F9B30209BACC7009BBD8B /* Player.swift in Sources */,
				98D0438D20EE87B60009143E /* Opponent.swift in Sources */,
				986D5C8A20D1BF55005E944E /* HandCardNode.swift in Sources */,
				982F9B15209BAAFF009BBD8B /* AppDelegate.swift in Sources */,
				986D5C9820D1ECFA005E944E /* CreaturesCardNode.swift in Sources */,
				9840898220CAFF27005DA8F6 /* Stack.swift in Sources */,
				986EAA5A20A10F0300F3CCDC /* Color.swift in Sources */,
				985E0F8520A26384006759B3 /* Type.swift in Sources */,
				9840897E20CAF562005DA8F6 /* Rarity.swift in Sources */,
				986D5C9020D1CDB6005E944E /* ManaPoolNode.swift in Sources */,
				986D5C8820D1B853005E944E /* Magic2019.swift in Sources */,
				9818425420CA07050068DC91 /* ManaCost.swift in Sources */,
			);
			runOnlyForDeploymentPostprocessing = 0;
		};
/* End PBXSourcesBuildPhase section */

/* Begin PBXVariantGroup section */
		982F9B1E209BAAFF009BBD8B /* Main.storyboard */ = {
			isa = PBXVariantGroup;
			children = (
				982F9B1F209BAAFF009BBD8B /* Base */,
			);
			name = Main.storyboard;
			sourceTree = "<group>";
		};
		982F9B23209BAB00009BBD8B /* LaunchScreen.storyboard */ = {
			isa = PBXVariantGroup;
			children = (
				982F9B24209BAB00009BBD8B /* Base */,
			);
			name = LaunchScreen.storyboard;
			sourceTree = "<group>";
		};
/* End PBXVariantGroup section */

/* Begin XCBuildConfiguration section */
		982F9B27209BAB00009BBD8B /* Debug */ = {
			isa = XCBuildConfiguration;
			buildSettings = {
				ALWAYS_SEARCH_USER_PATHS = NO;
				CLANG_ANALYZER_NONNULL = YES;
				CLANG_ANALYZER_NUMBER_OBJECT_CONVERSION = YES_AGGRESSIVE;
				CLANG_CXX_LANGUAGE_STANDARD = "gnu++14";
				CLANG_CXX_LIBRARY = "libc++";
				CLANG_ENABLE_MODULES = YES;
				CLANG_ENABLE_OBJC_ARC = YES;
				CLANG_ENABLE_OBJC_WEAK = YES;
				CLANG_WARN_BLOCK_CAPTURE_AUTORELEASING = YES;
				CLANG_WARN_BOOL_CONVERSION = YES;
				CLANG_WARN_COMMA = YES;
				CLANG_WARN_CONSTANT_CONVERSION = YES;
				CLANG_WARN_DEPRECATED_OBJC_IMPLEMENTATIONS = YES;
				CLANG_WARN_DIRECT_OBJC_ISA_USAGE = YES_ERROR;
				CLANG_WARN_DOCUMENTATION_COMMENTS = YES;
				CLANG_WARN_EMPTY_BODY = YES;
				CLANG_WARN_ENUM_CONVERSION = YES;
				CLANG_WARN_INFINITE_RECURSION = YES;
				CLANG_WARN_INT_CONVERSION = YES;
				CLANG_WARN_NON_LITERAL_NULL_CONVERSION = YES;
				CLANG_WARN_OBJC_IMPLICIT_RETAIN_SELF = YES;
				CLANG_WARN_OBJC_LITERAL_CONVERSION = YES;
				CLANG_WARN_OBJC_ROOT_CLASS = YES_ERROR;
				CLANG_WARN_RANGE_LOOP_ANALYSIS = YES;
				CLANG_WARN_STRICT_PROTOTYPES = YES;
				CLANG_WARN_SUSPICIOUS_MOVE = YES;
				CLANG_WARN_UNGUARDED_AVAILABILITY = YES_AGGRESSIVE;
				CLANG_WARN_UNREACHABLE_CODE = YES;
				CLANG_WARN__DUPLICATE_METHOD_MATCH = YES;
				CODE_SIGN_IDENTITY = "iPhone Developer";
				COPY_PHASE_STRIP = NO;
				DEBUG_INFORMATION_FORMAT = dwarf;
				ENABLE_STRICT_OBJC_MSGSEND = YES;
				ENABLE_TESTABILITY = YES;
				GCC_C_LANGUAGE_STANDARD = gnu11;
				GCC_DYNAMIC_NO_PIC = NO;
				GCC_NO_COMMON_BLOCKS = YES;
				GCC_OPTIMIZATION_LEVEL = 0;
				GCC_PREPROCESSOR_DEFINITIONS = (
					"DEBUG=1",
					"$(inherited)",
				);
				GCC_WARN_64_TO_32_BIT_CONVERSION = YES;
				GCC_WARN_ABOUT_RETURN_TYPE = YES_ERROR;
				GCC_WARN_UNDECLARED_SELECTOR = YES;
				GCC_WARN_UNINITIALIZED_AUTOS = YES_AGGRESSIVE;
				GCC_WARN_UNUSED_FUNCTION = YES;
				GCC_WARN_UNUSED_VARIABLE = YES;
				IPHONEOS_DEPLOYMENT_TARGET = 11.3;
				MTL_ENABLE_DEBUG_INFO = YES;
				ONLY_ACTIVE_ARCH = YES;
				SDKROOT = iphoneos;
				SWIFT_ACTIVE_COMPILATION_CONDITIONS = DEBUG;
				SWIFT_OPTIMIZATION_LEVEL = "-Onone";
			};
			name = Debug;
		};
		982F9B28209BAB00009BBD8B /* Release */ = {
			isa = XCBuildConfiguration;
			buildSettings = {
				ALWAYS_SEARCH_USER_PATHS = NO;
				CLANG_ANALYZER_NONNULL = YES;
				CLANG_ANALYZER_NUMBER_OBJECT_CONVERSION = YES_AGGRESSIVE;
				CLANG_CXX_LANGUAGE_STANDARD = "gnu++14";
				CLANG_CXX_LIBRARY = "libc++";
				CLANG_ENABLE_MODULES = YES;
				CLANG_ENABLE_OBJC_ARC = YES;
				CLANG_ENABLE_OBJC_WEAK = YES;
				CLANG_WARN_BLOCK_CAPTURE_AUTORELEASING = YES;
				CLANG_WARN_BOOL_CONVERSION = YES;
				CLANG_WARN_COMMA = YES;
				CLANG_WARN_CONSTANT_CONVERSION = YES;
				CLANG_WARN_DEPRECATED_OBJC_IMPLEMENTATIONS = YES;
				CLANG_WARN_DIRECT_OBJC_ISA_USAGE = YES_ERROR;
				CLANG_WARN_DOCUMENTATION_COMMENTS = YES;
				CLANG_WARN_EMPTY_BODY = YES;
				CLANG_WARN_ENUM_CONVERSION = YES;
				CLANG_WARN_INFINITE_RECURSION = YES;
				CLANG_WARN_INT_CONVERSION = YES;
				CLANG_WARN_NON_LITERAL_NULL_CONVERSION = YES;
				CLANG_WARN_OBJC_IMPLICIT_RETAIN_SELF = YES;
				CLANG_WARN_OBJC_LITERAL_CONVERSION = YES;
				CLANG_WARN_OBJC_ROOT_CLASS = YES_ERROR;
				CLANG_WARN_RANGE_LOOP_ANALYSIS = YES;
				CLANG_WARN_STRICT_PROTOTYPES = YES;
				CLANG_WARN_SUSPICIOUS_MOVE = YES;
				CLANG_WARN_UNGUARDED_AVAILABILITY = YES_AGGRESSIVE;
				CLANG_WARN_UNREACHABLE_CODE = YES;
				CLANG_WARN__DUPLICATE_METHOD_MATCH = YES;
				CODE_SIGN_IDENTITY = "iPhone Developer";
				COPY_PHASE_STRIP = NO;
				DEBUG_INFORMATION_FORMAT = "dwarf-with-dsym";
				ENABLE_NS_ASSERTIONS = NO;
				ENABLE_STRICT_OBJC_MSGSEND = YES;
				GCC_C_LANGUAGE_STANDARD = gnu11;
				GCC_NO_COMMON_BLOCKS = YES;
				GCC_WARN_64_TO_32_BIT_CONVERSION = YES;
				GCC_WARN_ABOUT_RETURN_TYPE = YES_ERROR;
				GCC_WARN_UNDECLARED_SELECTOR = YES;
				GCC_WARN_UNINITIALIZED_AUTOS = YES_AGGRESSIVE;
				GCC_WARN_UNUSED_FUNCTION = YES;
				GCC_WARN_UNUSED_VARIABLE = YES;
				IPHONEOS_DEPLOYMENT_TARGET = 11.3;
				MTL_ENABLE_DEBUG_INFO = NO;
				SDKROOT = iphoneos;
				SWIFT_COMPILATION_MODE = wholemodule;
				SWIFT_OPTIMIZATION_LEVEL = "-O";
				VALIDATE_PRODUCT = YES;
			};
			name = Release;
		};
		982F9B2A209BAB00009BBD8B /* Debug */ = {
			isa = XCBuildConfiguration;
			buildSettings = {
				ASSETCATALOG_COMPILER_APPICON_NAME = AppIcon;
				CODE_SIGN_STYLE = Automatic;
				DEVELOPMENT_TEAM = 7S85E2DAW8;
				INFOPLIST_FILE = magic/Info.plist;
				IPHONEOS_DEPLOYMENT_TARGET = 10.0;
				LD_RUNPATH_SEARCH_PATHS = (
					"$(inherited)",
					"@executable_path/Frameworks",
				);
				PRODUCT_BUNDLE_IDENTIFIER = rorysnively.magic;
				PRODUCT_NAME = "$(TARGET_NAME)";
				SWIFT_VERSION = 4.0;
				TARGETED_DEVICE_FAMILY = "1,2";
			};
			name = Debug;
		};
		982F9B2B209BAB00009BBD8B /* Release */ = {
			isa = XCBuildConfiguration;
			buildSettings = {
				ASSETCATALOG_COMPILER_APPICON_NAME = AppIcon;
				CODE_SIGN_STYLE = Automatic;
				DEVELOPMENT_TEAM = 7S85E2DAW8;
				INFOPLIST_FILE = magic/Info.plist;
				IPHONEOS_DEPLOYMENT_TARGET = 10.0;
				LD_RUNPATH_SEARCH_PATHS = (
					"$(inherited)",
					"@executable_path/Frameworks",
				);
				PRODUCT_BUNDLE_IDENTIFIER = rorysnively.magic;
				PRODUCT_NAME = "$(TARGET_NAME)";
				SWIFT_VERSION = 4.0;
				TARGETED_DEVICE_FAMILY = "1,2";
			};
			name = Release;
		};
/* End XCBuildConfiguration section */

/* Begin XCConfigurationList section */
		982F9B0C209BAAFF009BBD8B /* Build configuration list for PBXProject "magic" */ = {
			isa = XCConfigurationList;
			buildConfigurations = (
				982F9B27209BAB00009BBD8B /* Debug */,
				982F9B28209BAB00009BBD8B /* Release */,
			);
			defaultConfigurationIsVisible = 0;
			defaultConfigurationName = Release;
		};
		982F9B29209BAB00009BBD8B /* Build configuration list for PBXNativeTarget "magic" */ = {
			isa = XCConfigurationList;
			buildConfigurations = (
				982F9B2A209BAB00009BBD8B /* Debug */,
				982F9B2B209BAB00009BBD8B /* Release */,
			);
			defaultConfigurationIsVisible = 0;
			defaultConfigurationName = Release;
		};
/* End XCConfigurationList section */
	};
	rootObject = 982F9B09209BAAFF009BBD8B /* Project object */;
}
